<?xml version="1.0" encoding="UTF-8"?>
<!DOCTYPE plist PUBLIC "-//Apple//DTD PLIST 1.0//EN" "http://www.apple.com/DTDs/PropertyList-1.0.dtd">
<plist version="1.0">
<dict>
	<key>archiveVersion</key>
	<string>1</string>
	<key>classes</key>
	<dict/>
	<key>objectVersion</key>
	<string>46</string>
	<key>objects</key>
	<dict>
		<key>00CF6AF44644D9B3A2CE53AF</key>
		<dict>
			<key>fileRef</key>
			<string>4E1D02FA0F47D8FA1717175F</string>
			<key>isa</key>
			<string>PBXBuildFile</string>
		</dict>
		<key>0E966DFB5B5976BCBC4A630E</key>
		<dict>
			<key>buildActionMask</key>
			<string>2147483647</string>
			<key>files</key>
			<array/>
			<key>inputPaths</key>
			<array/>
			<key>isa</key>
			<string>PBXShellScriptBuildPhase</string>
			<key>name</key>
			<string>Check Pods Manifest.lock</string>
			<key>outputPaths</key>
			<array/>
			<key>runOnlyForDeploymentPostprocessing</key>
			<string>0</string>
			<key>shellPath</key>
			<string>/bin/sh</string>
			<key>shellScript</key>
			<string>diff "${PODS_ROOT}/../Podfile.lock" "${PODS_ROOT}/Manifest.lock" &gt; /dev/null
if [[ $? != 0 ]] ; then
    cat &lt;&lt; EOM
error: The sandbox is not in sync with the Podfile.lock. Run 'pod install' or update your CocoaPods installation.
EOM
    exit 1
fi
</string>
			<key>showEnvVarsInLog</key>
			<string>0</string>
		</dict>
		<key>3E8859837C8275144F32415A</key>
		<dict>
			<key>includeInIndex</key>
			<string>1</string>
			<key>isa</key>
			<string>PBXFileReference</string>
			<key>lastKnownFileType</key>
			<string>text.xcconfig</string>
			<key>name</key>
			<string>Pods-How Much Am I Spending.release.xcconfig</string>
			<key>path</key>
			<string>Pods/Target Support Files/Pods-How Much Am I Spending/Pods-How Much Am I Spending.release.xcconfig</string>
			<key>sourceTree</key>
			<string>&lt;group&gt;</string>
		</dict>
		<key>4E1D02FA0F47D8FA1717175F</key>
		<dict>
			<key>explicitFileType</key>
			<string>wrapper.framework</string>
			<key>includeInIndex</key>
			<string>0</string>
			<key>isa</key>
			<string>PBXFileReference</string>
			<key>path</key>
			<string>Pods_How_Much_Am_I_Spending.framework</string>
			<key>sourceTree</key>
			<string>BUILT_PRODUCTS_DIR</string>
		</dict>
		<key>77397A3B3EAE36BE12F5B93B</key>
		<dict>
			<key>buildActionMask</key>
			<string>2147483647</string>
			<key>files</key>
			<array/>
			<key>inputPaths</key>
			<array/>
			<key>isa</key>
			<string>PBXShellScriptBuildPhase</string>
			<key>name</key>
			<string>Embed Pods Frameworks</string>
			<key>outputPaths</key>
			<array/>
			<key>runOnlyForDeploymentPostprocessing</key>
			<string>0</string>
			<key>shellPath</key>
			<string>/bin/sh</string>
			<key>shellScript</key>
			<string>"${SRCROOT}/Pods/Target Support Files/Pods-How Much Am I Spending/Pods-How Much Am I Spending-frameworks.sh"
</string>
			<key>showEnvVarsInLog</key>
			<string>0</string>
		</dict>
		<key>B31F57F59CF53BBF317424BF</key>
		<dict>
			<key>buildActionMask</key>
			<string>2147483647</string>
			<key>files</key>
			<array/>
			<key>inputPaths</key>
			<array/>
			<key>isa</key>
			<string>PBXShellScriptBuildPhase</string>
			<key>name</key>
			<string>Copy Pods Resources</string>
			<key>outputPaths</key>
			<array/>
			<key>runOnlyForDeploymentPostprocessing</key>
			<string>0</string>
			<key>shellPath</key>
			<string>/bin/sh</string>
			<key>shellScript</key>
			<string>"${SRCROOT}/Pods/Target Support Files/Pods-How Much Am I Spending/Pods-How Much Am I Spending-resources.sh"
</string>
			<key>showEnvVarsInLog</key>
			<string>0</string>
		</dict>
		<key>B80355ED1CCEDE710098FD45</key>
		<dict>
			<key>fileEncoding</key>
			<string>4</string>
			<key>isa</key>
			<string>PBXFileReference</string>
			<key>lastKnownFileType</key>
			<string>sourcecode.swift</string>
			<key>name</key>
			<string>EditItemViewController.swift</string>
			<key>path</key>
			<string>../EditItemViewController.swift</string>
			<key>sourceTree</key>
			<string>&lt;group&gt;</string>
		</dict>
		<key>B80355EE1CCEDE710098FD45</key>
		<dict>
			<key>fileRef</key>
			<string>B80355ED1CCEDE710098FD45</string>
			<key>isa</key>
			<string>PBXBuildFile</string>
		</dict>
		<key>B81273F81CD1292F00BF2211</key>
		<dict>
			<key>fileEncoding</key>
			<string>4</string>
			<key>isa</key>
			<string>PBXFileReference</string>
			<key>lastKnownFileType</key>
			<string>sourcecode.swift</string>
			<key>path</key>
			<string>SettingsViewController.swift</string>
			<key>sourceTree</key>
			<string>&lt;group&gt;</string>
		</dict>
		<key>B81273F91CD1292F00BF2211</key>
		<dict>
			<key>fileRef</key>
			<string>B81273F81CD1292F00BF2211</string>
			<key>isa</key>
			<string>PBXBuildFile</string>
		</dict>
		<key>B81ADCA01CD7BC0A00741B0A</key>
		<dict>
			<key>fileEncoding</key>
			<string>4</string>
			<key>isa</key>
			<string>PBXFileReference</string>
			<key>lastKnownFileType</key>
			<string>sourcecode.swift</string>
			<key>name</key>
			<string>BarcodeScannerViewController.swift</string>
			<key>path</key>
			<string>../BarcodeScannerViewController.swift</string>
			<key>sourceTree</key>
			<string>&lt;group&gt;</string>
		</dict>
		<key>B81ADCA11CD7BC0A00741B0A</key>
		<dict>
			<key>fileRef</key>
			<string>B81ADCA01CD7BC0A00741B0A</string>
			<key>isa</key>
			<string>PBXBuildFile</string>
		</dict>
		<key>B81ADCA21CD7C14100741B0A</key>
		<dict>
			<key>fileEncoding</key>
			<string>4</string>
			<key>isa</key>
			<string>PBXFileReference</string>
			<key>lastKnownFileType</key>
			<string>sourcecode.swift</string>
			<key>name</key>
			<string>DiscoveredBarCodeView.swift</string>
			<key>path</key>
			<string>../DiscoveredBarCodeView.swift</string>
			<key>sourceTree</key>
			<string>&lt;group&gt;</string>
		</dict>
		<key>B81ADCA31CD7C14100741B0A</key>
		<dict>
			<key>fileRef</key>
			<string>B81ADCA21CD7C14100741B0A</string>
			<key>isa</key>
			<string>PBXBuildFile</string>
		</dict>
		<key>B81ADCA41CD7CCF600741B0A</key>
		<dict>
			<key>fileEncoding</key>
			<string>4</string>
			<key>isa</key>
			<string>PBXFileReference</string>
			<key>lastKnownFileType</key>
			<string>sourcecode.swift</string>
			<key>path</key>
			<string>ScannedItemDetails.swift</string>
			<key>sourceTree</key>
			<string>&lt;group&gt;</string>
		</dict>
		<key>B81ADCA51CD7CCF600741B0A</key>
		<dict>
			<key>fileRef</key>
			<string>B81ADCA41CD7CCF600741B0A</string>
			<key>isa</key>
			<string>PBXBuildFile</string>
		</dict>
		<key>B81ADCA61CD7D2BF00741B0A</key>
		<dict>
			<key>fileEncoding</key>
			<string>4</string>
			<key>isa</key>
			<string>PBXFileReference</string>
			<key>lastKnownFileType</key>
			<string>sourcecode.swift</string>
			<key>path</key>
			<string>ScannedItemModel.swift</string>
			<key>sourceTree</key>
			<string>&lt;group&gt;</string>
		</dict>
		<key>B81ADCA71CD7D2BF00741B0A</key>
		<dict>
			<key>fileRef</key>
			<string>B81ADCA61CD7D2BF00741B0A</string>
			<key>isa</key>
			<string>PBXBuildFile</string>
		</dict>
		<key>B84F4E151CCCB1CF00A4CDC1</key>
		<dict>
			<key>children</key>
			<array>
				<string>B84F4E201CCCB1CF00A4CDC1</string>
				<string>B84F4E371CCCB1CF00A4CDC1</string>
				<string>B84F4E421CCCB1CF00A4CDC1</string>
				<string>B84F4E1F1CCCB1CF00A4CDC1</string>
				<string>C4DB994D6AFAB2F1022CFB94</string>
				<string>BC26CCDDFB47659D47B21368</string>
			</array>
			<key>isa</key>
			<string>PBXGroup</string>
			<key>sourceTree</key>
			<string>&lt;group&gt;</string>
		</dict>
		<key>B84F4E161CCCB1CF00A4CDC1</key>
		<dict>
			<key>attributes</key>
			<dict>
				<key>LastSwiftUpdateCheck</key>
				<string>0720</string>
				<key>LastUpgradeCheck</key>
				<string>0720</string>
				<key>ORGANIZATIONNAME</key>
				<string>Shayne Torres</string>
				<key>TargetAttributes</key>
				<dict>
					<key>B84F4E1D1CCCB1CF00A4CDC1</key>
					<dict>
						<key>CreatedOnToolsVersion</key>
						<string>7.2.1</string>
						<key>DevelopmentTeam</key>
						<string>22K6B48Y8T</string>
					</dict>
					<key>B84F4E331CCCB1CF00A4CDC1</key>
					<dict>
						<key>CreatedOnToolsVersion</key>
						<string>7.2.1</string>
						<key>DevelopmentTeam</key>
						<string>22K6B48Y8T</string>
						<key>TestTargetID</key>
						<string>B84F4E1D1CCCB1CF00A4CDC1</string>
					</dict>
					<key>B84F4E3E1CCCB1CF00A4CDC1</key>
					<dict>
						<key>CreatedOnToolsVersion</key>
						<string>7.2.1</string>
						<key>DevelopmentTeam</key>
						<string>22K6B48Y8T</string>
						<key>TestTargetID</key>
						<string>B84F4E1D1CCCB1CF00A4CDC1</string>
					</dict>
				</dict>
			</dict>
			<key>buildConfigurationList</key>
			<string>B84F4E191CCCB1CF00A4CDC1</string>
			<key>compatibilityVersion</key>
			<string>Xcode 3.2</string>
			<key>developmentRegion</key>
			<string>English</string>
			<key>hasScannedForEncodings</key>
			<string>0</string>
			<key>isa</key>
			<string>PBXProject</string>
			<key>knownRegions</key>
			<array>
				<string>en</string>
				<string>Base</string>
			</array>
			<key>mainGroup</key>
			<string>B84F4E151CCCB1CF00A4CDC1</string>
			<key>productRefGroup</key>
			<string>B84F4E1F1CCCB1CF00A4CDC1</string>
			<key>projectDirPath</key>
			<string></string>
			<key>projectReferences</key>
			<array/>
			<key>projectRoot</key>
			<string></string>
			<key>targets</key>
			<array>
				<string>B84F4E1D1CCCB1CF00A4CDC1</string>
				<string>B84F4E331CCCB1CF00A4CDC1</string>
				<string>B84F4E3E1CCCB1CF00A4CDC1</string>
			</array>
		</dict>
		<key>B84F4E191CCCB1CF00A4CDC1</key>
		<dict>
			<key>buildConfigurations</key>
			<array>
				<string>B84F4E461CCCB1CF00A4CDC1</string>
				<string>B84F4E471CCCB1CF00A4CDC1</string>
			</array>
			<key>defaultConfigurationIsVisible</key>
			<string>0</string>
			<key>defaultConfigurationName</key>
			<string>Release</string>
			<key>isa</key>
			<string>XCConfigurationList</string>
		</dict>
		<key>B84F4E1A1CCCB1CF00A4CDC1</key>
		<dict>
			<key>buildActionMask</key>
			<string>2147483647</string>
			<key>files</key>
			<array>
				<string>B84F4E571CCCB63100A4CDC1</string>
				<string>B80355EE1CCEDE710098FD45</string>
				<string>B81273F91CD1292F00BF2211</string>
				<string>B84F4E221CCCB1CF00A4CDC1</string>
				<string>B81ADCA51CD7CCF600741B0A</string>
				<string>B84F4E5B1CCDC99100A4CDC1</string>
				<string>B81ADCA31CD7C14100741B0A</string>
				<string>B84F4E551CCCB2F000A4CDC1</string>
				<string>B81ADCA71CD7D2BF00741B0A</string>
				<string>B81ADCA11CD7BC0A00741B0A</string>
				<string>B85D423B1CCE8BDD0079CFA8</string>
			</array>
			<key>isa</key>
			<string>PBXSourcesBuildPhase</string>
			<key>runOnlyForDeploymentPostprocessing</key>
			<string>0</string>
		</dict>
		<key>B84F4E1B1CCCB1CF00A4CDC1</key>
		<dict>
			<key>buildActionMask</key>
			<string>2147483647</string>
			<key>files</key>
			<array>
				<string>00CF6AF44644D9B3A2CE53AF</string>
			</array>
			<key>isa</key>
			<string>PBXFrameworksBuildPhase</string>
			<key>runOnlyForDeploymentPostprocessing</key>
			<string>0</string>
		</dict>
		<key>B84F4E1C1CCCB1CF00A4CDC1</key>
		<dict>
			<key>buildActionMask</key>
			<string>2147483647</string>
			<key>files</key>
			<array>
				<string>B84F4E2E1CCCB1CF00A4CDC1</string>
				<string>B84F4E2B1CCCB1CF00A4CDC1</string>
				<string>B84F4E291CCCB1CF00A4CDC1</string>
			</array>
			<key>isa</key>
			<string>PBXResourcesBuildPhase</string>
			<key>runOnlyForDeploymentPostprocessing</key>
			<string>0</string>
		</dict>
		<key>B84F4E1D1CCCB1CF00A4CDC1</key>
		<dict>
			<key>buildConfigurationList</key>
			<string>B84F4E481CCCB1CF00A4CDC1</string>
			<key>buildPhases</key>
			<array>
				<string>0E966DFB5B5976BCBC4A630E</string>
				<string>B84F4E1A1CCCB1CF00A4CDC1</string>
				<string>B84F4E1B1CCCB1CF00A4CDC1</string>
				<string>B84F4E1C1CCCB1CF00A4CDC1</string>
				<string>77397A3B3EAE36BE12F5B93B</string>
				<string>B31F57F59CF53BBF317424BF</string>
			</array>
			<key>buildRules</key>
			<array/>
			<key>dependencies</key>
			<array/>
			<key>isa</key>
			<string>PBXNativeTarget</string>
			<key>name</key>
			<string>How Much Am I Spending</string>
			<key>productName</key>
			<string>How Much Am I Spending</string>
			<key>productReference</key>
			<string>B84F4E1E1CCCB1CF00A4CDC1</string>
			<key>productType</key>
			<string>com.apple.product-type.application</string>
		</dict>
		<key>B84F4E1E1CCCB1CF00A4CDC1</key>
		<dict>
			<key>explicitFileType</key>
			<string>wrapper.application</string>
			<key>includeInIndex</key>
			<string>0</string>
			<key>isa</key>
			<string>PBXFileReference</string>
			<key>path</key>
			<string>How Much Am I Spending.app</string>
			<key>sourceTree</key>
			<string>BUILT_PRODUCTS_DIR</string>
		</dict>
		<key>B84F4E1F1CCCB1CF00A4CDC1</key>
		<dict>
			<key>children</key>
			<array>
				<string>B84F4E1E1CCCB1CF00A4CDC1</string>
				<string>B84F4E341CCCB1CF00A4CDC1</string>
				<string>B84F4E3F1CCCB1CF00A4CDC1</string>
			</array>
			<key>isa</key>
			<string>PBXGroup</string>
			<key>name</key>
			<string>Products</string>
			<key>sourceTree</key>
			<string>&lt;group&gt;</string>
		</dict>
		<key>B84F4E201CCCB1CF00A4CDC1</key>
		<dict>
			<key>children</key>
			<array>
				<string>B81ADCA21CD7C14100741B0A</string>
				<string>B81ADCA01CD7BC0A00741B0A</string>
				<string>B81ADCA41CD7CCF600741B0A</string>
				<string>B81ADCA61CD7D2BF00741B0A</string>
				<string>B84F4E271CCCB1CF00A4CDC1</string>
				<string>B84F4E541CCCB2F000A4CDC1</string>
				<string>B84F4E5A1CCDC99100A4CDC1</string>
				<string>B84F4E561CCCB63100A4CDC1</string>
				<string>B85D423A1CCE8BDD0079CFA8</string>
				<string>B80355ED1CCEDE710098FD45</string>
				<string>B81273F81CD1292F00BF2211</string>
				<string>B84F4E2A1CCCB1CF00A4CDC1</string>
				<string>B84F4E511CCCB1DA00A4CDC1</string>
			</array>
			<key>isa</key>
			<string>PBXGroup</string>
			<key>path</key>
			<string>How Much Am I Spending</string>
			<key>sourceTree</key>
			<string>&lt;group&gt;</string>
		</dict>
		<key>B84F4E211CCCB1CF00A4CDC1</key>
		<dict>
			<key>isa</key>
			<string>PBXFileReference</string>
			<key>lastKnownFileType</key>
			<string>sourcecode.swift</string>
			<key>path</key>
			<string>AppDelegate.swift</string>
			<key>sourceTree</key>
			<string>&lt;group&gt;</string>
		</dict>
		<key>B84F4E221CCCB1CF00A4CDC1</key>
		<dict>
			<key>fileRef</key>
			<string>B84F4E211CCCB1CF00A4CDC1</string>
			<key>isa</key>
			<string>PBXBuildFile</string>
		</dict>
		<key>B84F4E271CCCB1CF00A4CDC1</key>
		<dict>
			<key>children</key>
			<array>
				<string>B84F4E281CCCB1CF00A4CDC1</string>
			</array>
			<key>isa</key>
			<string>PBXVariantGroup</string>
			<key>name</key>
			<string>Main.storyboard</string>
			<key>sourceTree</key>
			<string>&lt;group&gt;</string>
		</dict>
		<key>B84F4E281CCCB1CF00A4CDC1</key>
		<dict>
			<key>isa</key>
			<string>PBXFileReference</string>
			<key>lastKnownFileType</key>
			<string>file.storyboard</string>
			<key>name</key>
			<string>Base</string>
			<key>path</key>
			<string>Base.lproj/Main.storyboard</string>
			<key>sourceTree</key>
			<string>&lt;group&gt;</string>
		</dict>
		<key>B84F4E291CCCB1CF00A4CDC1</key>
		<dict>
			<key>fileRef</key>
			<string>B84F4E271CCCB1CF00A4CDC1</string>
			<key>isa</key>
			<string>PBXBuildFile</string>
		</dict>
		<key>B84F4E2A1CCCB1CF00A4CDC1</key>
		<dict>
			<key>isa</key>
			<string>PBXFileReference</string>
			<key>lastKnownFileType</key>
			<string>folder.assetcatalog</string>
			<key>path</key>
			<string>Assets.xcassets</string>
			<key>sourceTree</key>
			<string>&lt;group&gt;</string>
		</dict>
		<key>B84F4E2B1CCCB1CF00A4CDC1</key>
		<dict>
			<key>fileRef</key>
			<string>B84F4E2A1CCCB1CF00A4CDC1</string>
			<key>isa</key>
			<string>PBXBuildFile</string>
		</dict>
		<key>B84F4E2C1CCCB1CF00A4CDC1</key>
		<dict>
			<key>children</key>
			<array>
				<string>B84F4E2D1CCCB1CF00A4CDC1</string>
			</array>
			<key>isa</key>
			<string>PBXVariantGroup</string>
			<key>name</key>
			<string>LaunchScreen.storyboard</string>
			<key>sourceTree</key>
			<string>&lt;group&gt;</string>
		</dict>
		<key>B84F4E2D1CCCB1CF00A4CDC1</key>
		<dict>
			<key>isa</key>
			<string>PBXFileReference</string>
			<key>lastKnownFileType</key>
			<string>file.storyboard</string>
			<key>name</key>
			<string>Base</string>
			<key>path</key>
			<string>Base.lproj/LaunchScreen.storyboard</string>
			<key>sourceTree</key>
			<string>&lt;group&gt;</string>
		</dict>
		<key>B84F4E2E1CCCB1CF00A4CDC1</key>
		<dict>
			<key>fileRef</key>
			<string>B84F4E2C1CCCB1CF00A4CDC1</string>
			<key>isa</key>
			<string>PBXBuildFile</string>
		</dict>
		<key>B84F4E2F1CCCB1CF00A4CDC1</key>
		<dict>
			<key>isa</key>
			<string>PBXFileReference</string>
			<key>lastKnownFileType</key>
			<string>text.plist.xml</string>
			<key>path</key>
			<string>Info.plist</string>
			<key>sourceTree</key>
			<string>&lt;group&gt;</string>
		</dict>
		<key>B84F4E301CCCB1CF00A4CDC1</key>
		<dict>
			<key>buildActionMask</key>
			<string>2147483647</string>
			<key>files</key>
			<array>
				<string>B84F4E391CCCB1CF00A4CDC1</string>
			</array>
			<key>isa</key>
			<string>PBXSourcesBuildPhase</string>
			<key>runOnlyForDeploymentPostprocessing</key>
			<string>0</string>
		</dict>
		<key>B84F4E311CCCB1CF00A4CDC1</key>
		<dict>
			<key>buildActionMask</key>
			<string>2147483647</string>
			<key>files</key>
			<array/>
			<key>isa</key>
			<string>PBXFrameworksBuildPhase</string>
			<key>runOnlyForDeploymentPostprocessing</key>
			<string>0</string>
		</dict>
		<key>B84F4E321CCCB1CF00A4CDC1</key>
		<dict>
			<key>buildActionMask</key>
			<string>2147483647</string>
			<key>files</key>
			<array/>
			<key>isa</key>
			<string>PBXResourcesBuildPhase</string>
			<key>runOnlyForDeploymentPostprocessing</key>
			<string>0</string>
		</dict>
		<key>B84F4E331CCCB1CF00A4CDC1</key>
		<dict>
			<key>buildConfigurationList</key>
			<string>B84F4E4B1CCCB1CF00A4CDC1</string>
			<key>buildPhases</key>
			<array>
				<string>B84F4E301CCCB1CF00A4CDC1</string>
				<string>B84F4E311CCCB1CF00A4CDC1</string>
				<string>B84F4E321CCCB1CF00A4CDC1</string>
			</array>
			<key>buildRules</key>
			<array/>
			<key>dependencies</key>
			<array>
				<string>B84F4E361CCCB1CF00A4CDC1</string>
			</array>
			<key>isa</key>
			<string>PBXNativeTarget</string>
			<key>name</key>
			<string>How Much Am I SpendingTests</string>
			<key>productName</key>
			<string>How Much Am I SpendingTests</string>
			<key>productReference</key>
			<string>B84F4E341CCCB1CF00A4CDC1</string>
			<key>productType</key>
			<string>com.apple.product-type.bundle.unit-test</string>
		</dict>
		<key>B84F4E341CCCB1CF00A4CDC1</key>
		<dict>
			<key>explicitFileType</key>
			<string>wrapper.cfbundle</string>
			<key>includeInIndex</key>
			<string>0</string>
			<key>isa</key>
			<string>PBXFileReference</string>
			<key>path</key>
			<string>How Much Am I SpendingTests.xctest</string>
			<key>sourceTree</key>
			<string>BUILT_PRODUCTS_DIR</string>
		</dict>
		<key>B84F4E351CCCB1CF00A4CDC1</key>
		<dict>
			<key>containerPortal</key>
			<string>B84F4E161CCCB1CF00A4CDC1</string>
			<key>isa</key>
			<string>PBXContainerItemProxy</string>
			<key>proxyType</key>
			<string>1</string>
			<key>remoteGlobalIDString</key>
			<string>B84F4E1D1CCCB1CF00A4CDC1</string>
			<key>remoteInfo</key>
			<string>How Much Am I Spending</string>
		</dict>
		<key>B84F4E361CCCB1CF00A4CDC1</key>
		<dict>
			<key>isa</key>
			<string>PBXTargetDependency</string>
			<key>target</key>
			<string>B84F4E1D1CCCB1CF00A4CDC1</string>
			<key>targetProxy</key>
			<string>B84F4E351CCCB1CF00A4CDC1</string>
		</dict>
		<key>B84F4E371CCCB1CF00A4CDC1</key>
		<dict>
			<key>children</key>
			<array>
				<string>B84F4E381CCCB1CF00A4CDC1</string>
				<string>B84F4E3A1CCCB1CF00A4CDC1</string>
			</array>
			<key>isa</key>
			<string>PBXGroup</string>
			<key>path</key>
			<string>How Much Am I SpendingTests</string>
			<key>sourceTree</key>
			<string>&lt;group&gt;</string>
		</dict>
		<key>B84F4E381CCCB1CF00A4CDC1</key>
		<dict>
			<key>isa</key>
			<string>PBXFileReference</string>
			<key>lastKnownFileType</key>
			<string>sourcecode.swift</string>
			<key>path</key>
			<string>How_Much_Am_I_SpendingTests.swift</string>
			<key>sourceTree</key>
			<string>&lt;group&gt;</string>
		</dict>
		<key>B84F4E391CCCB1CF00A4CDC1</key>
		<dict>
			<key>fileRef</key>
			<string>B84F4E381CCCB1CF00A4CDC1</string>
			<key>isa</key>
			<string>PBXBuildFile</string>
		</dict>
		<key>B84F4E3A1CCCB1CF00A4CDC1</key>
		<dict>
			<key>isa</key>
			<string>PBXFileReference</string>
			<key>lastKnownFileType</key>
			<string>text.plist.xml</string>
			<key>path</key>
			<string>Info.plist</string>
			<key>sourceTree</key>
			<string>&lt;group&gt;</string>
		</dict>
		<key>B84F4E3B1CCCB1CF00A4CDC1</key>
		<dict>
			<key>buildActionMask</key>
			<string>2147483647</string>
			<key>files</key>
			<array>
				<string>B84F4E441CCCB1CF00A4CDC1</string>
			</array>
			<key>isa</key>
			<string>PBXSourcesBuildPhase</string>
			<key>runOnlyForDeploymentPostprocessing</key>
			<string>0</string>
		</dict>
		<key>B84F4E3C1CCCB1CF00A4CDC1</key>
		<dict>
			<key>buildActionMask</key>
			<string>2147483647</string>
			<key>files</key>
			<array/>
			<key>isa</key>
			<string>PBXFrameworksBuildPhase</string>
			<key>runOnlyForDeploymentPostprocessing</key>
			<string>0</string>
		</dict>
		<key>B84F4E3D1CCCB1CF00A4CDC1</key>
		<dict>
			<key>buildActionMask</key>
			<string>2147483647</string>
			<key>files</key>
			<array/>
			<key>isa</key>
			<string>PBXResourcesBuildPhase</string>
			<key>runOnlyForDeploymentPostprocessing</key>
			<string>0</string>
		</dict>
		<key>B84F4E3E1CCCB1CF00A4CDC1</key>
		<dict>
			<key>buildConfigurationList</key>
			<string>B84F4E4E1CCCB1CF00A4CDC1</string>
			<key>buildPhases</key>
			<array>
				<string>B84F4E3B1CCCB1CF00A4CDC1</string>
				<string>B84F4E3C1CCCB1CF00A4CDC1</string>
				<string>B84F4E3D1CCCB1CF00A4CDC1</string>
			</array>
			<key>buildRules</key>
			<array/>
			<key>dependencies</key>
			<array>
				<string>B84F4E411CCCB1CF00A4CDC1</string>
			</array>
			<key>isa</key>
			<string>PBXNativeTarget</string>
			<key>name</key>
			<string>How Much Am I SpendingUITests</string>
			<key>productName</key>
			<string>How Much Am I SpendingUITests</string>
			<key>productReference</key>
			<string>B84F4E3F1CCCB1CF00A4CDC1</string>
			<key>productType</key>
			<string>com.apple.product-type.bundle.ui-testing</string>
		</dict>
		<key>B84F4E3F1CCCB1CF00A4CDC1</key>
		<dict>
			<key>explicitFileType</key>
			<string>wrapper.cfbundle</string>
			<key>includeInIndex</key>
			<string>0</string>
			<key>isa</key>
			<string>PBXFileReference</string>
			<key>path</key>
			<string>How Much Am I SpendingUITests.xctest</string>
			<key>sourceTree</key>
			<string>BUILT_PRODUCTS_DIR</string>
		</dict>
		<key>B84F4E401CCCB1CF00A4CDC1</key>
		<dict>
			<key>containerPortal</key>
			<string>B84F4E161CCCB1CF00A4CDC1</string>
			<key>isa</key>
			<string>PBXContainerItemProxy</string>
			<key>proxyType</key>
			<string>1</string>
			<key>remoteGlobalIDString</key>
			<string>B84F4E1D1CCCB1CF00A4CDC1</string>
			<key>remoteInfo</key>
			<string>How Much Am I Spending</string>
		</dict>
		<key>B84F4E411CCCB1CF00A4CDC1</key>
		<dict>
			<key>isa</key>
			<string>PBXTargetDependency</string>
			<key>target</key>
			<string>B84F4E1D1CCCB1CF00A4CDC1</string>
			<key>targetProxy</key>
			<string>B84F4E401CCCB1CF00A4CDC1</string>
		</dict>
		<key>B84F4E421CCCB1CF00A4CDC1</key>
		<dict>
			<key>children</key>
			<array>
				<string>B84F4E431CCCB1CF00A4CDC1</string>
				<string>B84F4E451CCCB1CF00A4CDC1</string>
			</array>
			<key>isa</key>
			<string>PBXGroup</string>
			<key>path</key>
			<string>How Much Am I SpendingUITests</string>
			<key>sourceTree</key>
			<string>&lt;group&gt;</string>
		</dict>
		<key>B84F4E431CCCB1CF00A4CDC1</key>
		<dict>
			<key>isa</key>
			<string>PBXFileReference</string>
			<key>lastKnownFileType</key>
			<string>sourcecode.swift</string>
			<key>path</key>
			<string>How_Much_Am_I_SpendingUITests.swift</string>
			<key>sourceTree</key>
			<string>&lt;group&gt;</string>
		</dict>
		<key>B84F4E441CCCB1CF00A4CDC1</key>
		<dict>
			<key>fileRef</key>
			<string>B84F4E431CCCB1CF00A4CDC1</string>
			<key>isa</key>
			<string>PBXBuildFile</string>
		</dict>
		<key>B84F4E451CCCB1CF00A4CDC1</key>
		<dict>
			<key>isa</key>
			<string>PBXFileReference</string>
			<key>lastKnownFileType</key>
			<string>text.plist.xml</string>
			<key>path</key>
			<string>Info.plist</string>
			<key>sourceTree</key>
			<string>&lt;group&gt;</string>
		</dict>
		<key>B84F4E461CCCB1CF00A4CDC1</key>
		<dict>
			<key>buildSettings</key>
			<dict>
				<key>ALWAYS_SEARCH_USER_PATHS</key>
				<string>NO</string>
				<key>CLANG_CXX_LANGUAGE_STANDARD</key>
				<string>gnu++0x</string>
				<key>CLANG_CXX_LIBRARY</key>
				<string>libc++</string>
				<key>CLANG_ENABLE_MODULES</key>
				<string>YES</string>
				<key>CLANG_ENABLE_OBJC_ARC</key>
				<string>YES</string>
				<key>CLANG_WARN_BOOL_CONVERSION</key>
				<string>YES</string>
				<key>CLANG_WARN_CONSTANT_CONVERSION</key>
				<string>YES</string>
				<key>CLANG_WARN_DIRECT_OBJC_ISA_USAGE</key>
				<string>YES_ERROR</string>
				<key>CLANG_WARN_EMPTY_BODY</key>
				<string>YES</string>
				<key>CLANG_WARN_ENUM_CONVERSION</key>
				<string>YES</string>
				<key>CLANG_WARN_INT_CONVERSION</key>
				<string>YES</string>
				<key>CLANG_WARN_OBJC_ROOT_CLASS</key>
				<string>YES_ERROR</string>
				<key>CLANG_WARN_UNREACHABLE_CODE</key>
				<string>YES</string>
				<key>CLANG_WARN__DUPLICATE_METHOD_MATCH</key>
				<string>YES</string>
				<key>CODE_SIGN_IDENTITY[sdk=iphoneos*]</key>
				<string>iPhone Developer</string>
				<key>COPY_PHASE_STRIP</key>
				<string>NO</string>
				<key>DEBUG_INFORMATION_FORMAT</key>
				<string>dwarf</string>
				<key>ENABLE_STRICT_OBJC_MSGSEND</key>
				<string>YES</string>
				<key>ENABLE_TESTABILITY</key>
				<string>YES</string>
				<key>GCC_C_LANGUAGE_STANDARD</key>
				<string>gnu99</string>
				<key>GCC_DYNAMIC_NO_PIC</key>
				<string>NO</string>
				<key>GCC_NO_COMMON_BLOCKS</key>
				<string>YES</string>
				<key>GCC_OPTIMIZATION_LEVEL</key>
				<string>0</string>
				<key>GCC_PREPROCESSOR_DEFINITIONS</key>
				<array>
					<string>DEBUG=1</string>
					<string>$(inherited)</string>
				</array>
				<key>GCC_WARN_64_TO_32_BIT_CONVERSION</key>
				<string>YES</string>
				<key>GCC_WARN_ABOUT_RETURN_TYPE</key>
				<string>YES_ERROR</string>
				<key>GCC_WARN_UNDECLARED_SELECTOR</key>
				<string>YES</string>
				<key>GCC_WARN_UNINITIALIZED_AUTOS</key>
				<string>YES_AGGRESSIVE</string>
				<key>GCC_WARN_UNUSED_FUNCTION</key>
				<string>YES</string>
				<key>GCC_WARN_UNUSED_VARIABLE</key>
				<string>YES</string>
				<key>IPHONEOS_DEPLOYMENT_TARGET</key>
				<string>9.2</string>
				<key>MTL_ENABLE_DEBUG_INFO</key>
				<string>YES</string>
				<key>ONLY_ACTIVE_ARCH</key>
				<string>YES</string>
				<key>SDKROOT</key>
				<string>iphoneos</string>
				<key>SWIFT_OPTIMIZATION_LEVEL</key>
				<string>-Onone</string>
				<key>TARGETED_DEVICE_FAMILY</key>
				<string>1,2</string>
			</dict>
			<key>isa</key>
			<string>XCBuildConfiguration</string>
			<key>name</key>
			<string>Debug</string>
		</dict>
		<key>B84F4E471CCCB1CF00A4CDC1</key>
		<dict>
			<key>buildSettings</key>
			<dict>
				<key>ALWAYS_SEARCH_USER_PATHS</key>
				<string>NO</string>
				<key>CLANG_CXX_LANGUAGE_STANDARD</key>
				<string>gnu++0x</string>
				<key>CLANG_CXX_LIBRARY</key>
				<string>libc++</string>
				<key>CLANG_ENABLE_MODULES</key>
				<string>YES</string>
				<key>CLANG_ENABLE_OBJC_ARC</key>
				<string>YES</string>
				<key>CLANG_WARN_BOOL_CONVERSION</key>
				<string>YES</string>
				<key>CLANG_WARN_CONSTANT_CONVERSION</key>
				<string>YES</string>
				<key>CLANG_WARN_DIRECT_OBJC_ISA_USAGE</key>
				<string>YES_ERROR</string>
				<key>CLANG_WARN_EMPTY_BODY</key>
				<string>YES</string>
				<key>CLANG_WARN_ENUM_CONVERSION</key>
				<string>YES</string>
				<key>CLANG_WARN_INT_CONVERSION</key>
				<string>YES</string>
				<key>CLANG_WARN_OBJC_ROOT_CLASS</key>
				<string>YES_ERROR</string>
				<key>CLANG_WARN_UNREACHABLE_CODE</key>
				<string>YES</string>
				<key>CLANG_WARN__DUPLICATE_METHOD_MATCH</key>
				<string>YES</string>
				<key>CODE_SIGN_IDENTITY[sdk=iphoneos*]</key>
				<string>iPhone Developer</string>
				<key>COPY_PHASE_STRIP</key>
				<string>NO</string>
				<key>DEBUG_INFORMATION_FORMAT</key>
				<string>dwarf-with-dsym</string>
				<key>ENABLE_NS_ASSERTIONS</key>
				<string>NO</string>
				<key>ENABLE_STRICT_OBJC_MSGSEND</key>
				<string>YES</string>
				<key>GCC_C_LANGUAGE_STANDARD</key>
				<string>gnu99</string>
				<key>GCC_NO_COMMON_BLOCKS</key>
				<string>YES</string>
				<key>GCC_WARN_64_TO_32_BIT_CONVERSION</key>
				<string>YES</string>
				<key>GCC_WARN_ABOUT_RETURN_TYPE</key>
				<string>YES_ERROR</string>
				<key>GCC_WARN_UNDECLARED_SELECTOR</key>
				<string>YES</string>
				<key>GCC_WARN_UNINITIALIZED_AUTOS</key>
				<string>YES_AGGRESSIVE</string>
				<key>GCC_WARN_UNUSED_FUNCTION</key>
				<string>YES</string>
				<key>GCC_WARN_UNUSED_VARIABLE</key>
				<string>YES</string>
				<key>IPHONEOS_DEPLOYMENT_TARGET</key>
				<string>9.2</string>
				<key>MTL_ENABLE_DEBUG_INFO</key>
				<string>NO</string>
				<key>SDKROOT</key>
				<string>iphoneos</string>
				<key>TARGETED_DEVICE_FAMILY</key>
				<string>1,2</string>
				<key>VALIDATE_PRODUCT</key>
				<string>YES</string>
			</dict>
			<key>isa</key>
			<string>XCBuildConfiguration</string>
			<key>name</key>
			<string>Release</string>
		</dict>
		<key>B84F4E481CCCB1CF00A4CDC1</key>
		<dict>
			<key>buildConfigurations</key>
			<array>
				<string>B84F4E491CCCB1CF00A4CDC1</string>
				<string>B84F4E4A1CCCB1CF00A4CDC1</string>
			</array>
			<key>defaultConfigurationIsVisible</key>
			<string>0</string>
			<key>defaultConfigurationName</key>
			<string>Release</string>
			<key>isa</key>
			<string>XCConfigurationList</string>
		</dict>
		<key>B84F4E491CCCB1CF00A4CDC1</key>
		<dict>
			<key>baseConfigurationReference</key>
			<string>C99B3B76F59FA5C958AFD079</string>
			<key>buildSettings</key>
			<dict>
				<key>ASSETCATALOG_COMPILER_APPICON_NAME</key>
				<string>AppIcon</string>
				<key>INFOPLIST_FILE</key>
				<string>How Much Am I Spending/Info.plist</string>
				<key>LD_RUNPATH_SEARCH_PATHS</key>
				<string>$(inherited) @executable_path/Frameworks</string>
				<key>PRODUCT_BUNDLE_IDENTIFIER</key>
				<string>Shayne-Torres.How-Much-Am-I-Spending</string>
				<key>PRODUCT_NAME</key>
				<string>$(TARGET_NAME)</string>
			</dict>
			<key>isa</key>
			<string>XCBuildConfiguration</string>
			<key>name</key>
			<string>Debug</string>
		</dict>
		<key>B84F4E4A1CCCB1CF00A4CDC1</key>
		<dict>
			<key>baseConfigurationReference</key>
			<string>3E8859837C8275144F32415A</string>
			<key>buildSettings</key>
			<dict>
				<key>ASSETCATALOG_COMPILER_APPICON_NAME</key>
				<string>AppIcon</string>
				<key>INFOPLIST_FILE</key>
				<string>How Much Am I Spending/Info.plist</string>
				<key>LD_RUNPATH_SEARCH_PATHS</key>
				<string>$(inherited) @executable_path/Frameworks</string>
				<key>PRODUCT_BUNDLE_IDENTIFIER</key>
				<string>Shayne-Torres.How-Much-Am-I-Spending</string>
				<key>PRODUCT_NAME</key>
				<string>$(TARGET_NAME)</string>
			</dict>
			<key>isa</key>
			<string>XCBuildConfiguration</string>
			<key>name</key>
			<string>Release</string>
		</dict>
		<key>B84F4E4B1CCCB1CF00A4CDC1</key>
		<dict>
			<key>buildConfigurations</key>
			<array>
				<string>B84F4E4C1CCCB1CF00A4CDC1</string>
				<string>B84F4E4D1CCCB1CF00A4CDC1</string>
			</array>
			<key>defaultConfigurationIsVisible</key>
			<string>0</string>
			<key>defaultConfigurationName</key>
			<string>Release</string>
			<key>isa</key>
			<string>XCConfigurationList</string>
		</dict>
		<key>B84F4E4C1CCCB1CF00A4CDC1</key>
		<dict>
			<key>buildSettings</key>
			<dict>
				<key>BUNDLE_LOADER</key>
				<string>$(TEST_HOST)</string>
				<key>INFOPLIST_FILE</key>
				<string>How Much Am I SpendingTests/Info.plist</string>
				<key>LD_RUNPATH_SEARCH_PATHS</key>
				<string>$(inherited) @executable_path/Frameworks @loader_path/Frameworks</string>
				<key>PRODUCT_BUNDLE_IDENTIFIER</key>
				<string>Shayne-Torres.How-Much-Am-I-SpendingTests</string>
				<key>PRODUCT_NAME</key>
				<string>$(TARGET_NAME)</string>
				<key>TEST_HOST</key>
				<string>$(BUILT_PRODUCTS_DIR)/How Much Am I Spending.app/How Much Am I Spending</string>
			</dict>
			<key>isa</key>
			<string>XCBuildConfiguration</string>
			<key>name</key>
			<string>Debug</string>
		</dict>
		<key>B84F4E4D1CCCB1CF00A4CDC1</key>
		<dict>
			<key>buildSettings</key>
			<dict>
				<key>BUNDLE_LOADER</key>
				<string>$(TEST_HOST)</string>
				<key>INFOPLIST_FILE</key>
				<string>How Much Am I SpendingTests/Info.plist</string>
				<key>LD_RUNPATH_SEARCH_PATHS</key>
				<string>$(inherited) @executable_path/Frameworks @loader_path/Frameworks</string>
				<key>PRODUCT_BUNDLE_IDENTIFIER</key>
				<string>Shayne-Torres.How-Much-Am-I-SpendingTests</string>
				<key>PRODUCT_NAME</key>
				<string>$(TARGET_NAME)</string>
				<key>TEST_HOST</key>
				<string>$(BUILT_PRODUCTS_DIR)/How Much Am I Spending.app/How Much Am I Spending</string>
			</dict>
			<key>isa</key>
			<string>XCBuildConfiguration</string>
			<key>name</key>
			<string>Release</string>
		</dict>
		<key>B84F4E4E1CCCB1CF00A4CDC1</key>
		<dict>
			<key>buildConfigurations</key>
			<array>
				<string>B84F4E4F1CCCB1CF00A4CDC1</string>
				<string>B84F4E501CCCB1CF00A4CDC1</string>
			</array>
			<key>defaultConfigurationIsVisible</key>
			<string>0</string>
			<key>defaultConfigurationName</key>
			<string>Release</string>
			<key>isa</key>
			<string>XCConfigurationList</string>
		</dict>
		<key>B84F4E4F1CCCB1CF00A4CDC1</key>
		<dict>
			<key>buildSettings</key>
			<dict>
				<key>INFOPLIST_FILE</key>
				<string>How Much Am I SpendingUITests/Info.plist</string>
				<key>LD_RUNPATH_SEARCH_PATHS</key>
				<string>$(inherited) @executable_path/Frameworks @loader_path/Frameworks</string>
				<key>PRODUCT_BUNDLE_IDENTIFIER</key>
				<string>Shayne-Torres.How-Much-Am-I-SpendingUITests</string>
				<key>PRODUCT_NAME</key>
				<string>$(TARGET_NAME)</string>
				<key>TEST_TARGET_NAME</key>
				<string>How Much Am I Spending</string>
				<key>USES_XCTRUNNER</key>
				<string>YES</string>
			</dict>
			<key>isa</key>
			<string>XCBuildConfiguration</string>
			<key>name</key>
			<string>Debug</string>
		</dict>
		<key>B84F4E501CCCB1CF00A4CDC1</key>
		<dict>
			<key>buildSettings</key>
			<dict>
				<key>INFOPLIST_FILE</key>
				<string>How Much Am I SpendingUITests/Info.plist</string>
				<key>LD_RUNPATH_SEARCH_PATHS</key>
				<string>$(inherited) @executable_path/Frameworks @loader_path/Frameworks</string>
				<key>PRODUCT_BUNDLE_IDENTIFIER</key>
				<string>Shayne-Torres.How-Much-Am-I-SpendingUITests</string>
				<key>PRODUCT_NAME</key>
				<string>$(TARGET_NAME)</string>
				<key>TEST_TARGET_NAME</key>
				<string>How Much Am I Spending</string>
				<key>USES_XCTRUNNER</key>
				<string>YES</string>
			</dict>
			<key>isa</key>
			<string>XCBuildConfiguration</string>
			<key>name</key>
			<string>Release</string>
		</dict>
		<key>B84F4E511CCCB1DA00A4CDC1</key>
		<dict>
			<key>children</key>
			<array>
				<string>B84F4E211CCCB1CF00A4CDC1</string>
				<string>B84F4E2C1CCCB1CF00A4CDC1</string>
				<string>B84F4E2F1CCCB1CF00A4CDC1</string>
			</array>
			<key>isa</key>
			<string>PBXGroup</string>
			<key>name</key>
			<string>SF</string>
			<key>sourceTree</key>
			<string>&lt;group&gt;</string>
		</dict>
		<key>B84F4E541CCCB2F000A4CDC1</key>
		<dict>
			<key>fileEncoding</key>
			<string>4</string>
			<key>isa</key>
			<string>PBXFileReference</string>
			<key>lastKnownFileType</key>
			<string>sourcecode.swift</string>
			<key>path</key>
			<string>Item.swift</string>
			<key>sourceTree</key>
			<string>&lt;group&gt;</string>
		</dict>
		<key>B84F4E551CCCB2F000A4CDC1</key>
		<dict>
			<key>fileRef</key>
			<string>B84F4E541CCCB2F000A4CDC1</string>
			<key>isa</key>
			<string>PBXBuildFile</string>
		</dict>
		<key>B84F4E561CCCB63100A4CDC1</key>
		<dict>
			<key>fileEncoding</key>
			<string>4</string>
			<key>isa</key>
			<string>PBXFileReference</string>
			<key>lastKnownFileType</key>
			<string>sourcecode.swift</string>
			<key>path</key>
			<string>ItemTableViewCell.swift</string>
			<key>sourceTree</key>
			<string>&lt;group&gt;</string>
		</dict>
		<key>B84F4E571CCCB63100A4CDC1</key>
		<dict>
			<key>fileRef</key>
			<string>B84F4E561CCCB63100A4CDC1</string>
			<key>isa</key>
			<string>PBXBuildFile</string>
		</dict>
		<key>B84F4E5A1CCDC99100A4CDC1</key>
		<dict>
			<key>fileEncoding</key>
			<string>4</string>
			<key>isa</key>
			<string>PBXFileReference</string>
			<key>lastKnownFileType</key>
			<string>sourcecode.swift</string>
			<key>path</key>
			<string>CurrentSpendingsViewController.swift</string>
			<key>sourceTree</key>
			<string>&lt;group&gt;</string>
		</dict>
		<key>B84F4E5B1CCDC99100A4CDC1</key>
		<dict>
			<key>fileRef</key>
			<string>B84F4E5A1CCDC99100A4CDC1</string>
			<key>isa</key>
			<string>PBXBuildFile</string>
		</dict>
		<key>B85D423A1CCE8BDD0079CFA8</key>
		<dict>
			<key>fileEncoding</key>
			<string>4</string>
			<key>isa</key>
			<string>PBXFileReference</string>
			<key>lastKnownFileType</key>
			<string>sourcecode.swift</string>
			<key>path</key>
			<string>NewItemEntryViewController.swift</string>
			<key>sourceTree</key>
			<string>&lt;group&gt;</string>
		</dict>
		<key>B85D423B1CCE8BDD0079CFA8</key>
		<dict>
			<key>fileRef</key>
			<string>B85D423A1CCE8BDD0079CFA8</string>
			<key>isa</key>
			<string>PBXBuildFile</string>
		</dict>
		<key>BC26CCDDFB47659D47B21368</key>
		<dict>
			<key>children</key>
			<array>
				<string>4E1D02FA0F47D8FA1717175F</string>
			</array>
			<key>isa</key>
			<string>PBXGroup</string>
			<key>name</key>
			<string>Frameworks</string>
			<key>sourceTree</key>
			<string>&lt;group&gt;</string>
		</dict>
		<key>C4DB994D6AFAB2F1022CFB94</key>
		<dict>
			<key>children</key>
			<array>
				<string>C99B3B76F59FA5C958AFD079</string>
				<string>3E8859837C8275144F32415A</string>
			</array>
			<key>isa</key>
			<string>PBXGroup</string>
			<key>name</key>
			<string>Pods</string>
			<key>sourceTree</key>
			<string>&lt;group&gt;</string>
		</dict>
		<key>C99B3B76F59FA5C958AFD079</key>
		<dict>
			<key>includeInIndex</key>
			<string>1</string>
			<key>isa</key>
			<string>PBXFileReference</string>
			<key>lastKnownFileType</key>
			<string>text.xcconfig</string>
			<key>name</key>
			<string>Pods-How Much Am I Spending.debug.xcconfig</string>
			<key>path</key>
			<string>Pods/Target Support Files/Pods-How Much Am I Spending/Pods-How Much Am I Spending.debug.xcconfig</string>
			<key>sourceTree</key>
			<string>&lt;group&gt;</string>
		</dict>
	</dict>
	<key>rootObject</key>
	<string>B84F4E161CCCB1CF00A4CDC1</string>
</dict>
</plist>
