// !$*UTF8*$!
{
	archiveVersion = 1;
	classes = {
	};
	objectVersion = 46;
	objects = {

/* Begin PBXBuildFile section */
		B827D6571D18FAA900E03E3D /* Geomanist-Regular.otf in Resources */ = {isa = PBXBuildFile; fileRef = B827D6561D18FAA900E03E3D /* Geomanist-Regular.otf */; };
		B82B61E81D7FFFAB0012DC1D /* Main.storyboard in Resources */ = {isa = PBXBuildFile; fileRef = B82B61E71D7FFFAB0012DC1D /* Main.storyboard */; };
		B834D0A11D85235E00B41845 /* Constants.swift in Sources */ = {isa = PBXBuildFile; fileRef = B834D0A01D85235E00B41845 /* Constants.swift */; };
		B844C1401DCDB179006A46C7 /* OrangeAddListButton.swift in Sources */ = {isa = PBXBuildFile; fileRef = B844C13F1DCDB179006A46C7 /* OrangeAddListButton.swift */; };
		B84899D61DC337F800E31CE1 /* NSMyDefaults.swift in Sources */ = {isa = PBXBuildFile; fileRef = B84899D51DC337F800E31CE1 /* NSMyDefaults.swift */; };
		B84899D81DC33C1400E31CE1 /* SwiftyTimer.swift in Sources */ = {isa = PBXBuildFile; fileRef = B84899D71DC33C1400E31CE1 /* SwiftyTimer.swift */; };
		B84899DC1DC33E2900E31CE1 /* ShoppingListItem.swift in Sources */ = {isa = PBXBuildFile; fileRef = B84899DB1DC33E2900E31CE1 /* ShoppingListItem.swift */; };
		B84899DE1DC33F5100E31CE1 /* SpendingsItem.swift in Sources */ = {isa = PBXBuildFile; fileRef = B84899DD1DC33F5100E31CE1 /* SpendingsItem.swift */; };
		B84899E01DC33FE000E31CE1 /* ShoppingList.swift in Sources */ = {isa = PBXBuildFile; fileRef = B84899DF1DC33FE000E31CE1 /* ShoppingList.swift */; };
		B84899E21DC3401B00E31CE1 /* CustomShoppingList.swift in Sources */ = {isa = PBXBuildFile; fileRef = B84899E11DC3401B00E31CE1 /* CustomShoppingList.swift */; };
		B84899E41DC340C400E31CE1 /* MealPlan.swift in Sources */ = {isa = PBXBuildFile; fileRef = B84899E31DC340C400E31CE1 /* MealPlan.swift */; };
		B84899E61DC3410000E31CE1 /* Meal.swift in Sources */ = {isa = PBXBuildFile; fileRef = B84899E51DC3410000E31CE1 /* Meal.swift */; };
		B84899E81DC3415300E31CE1 /* Day.swift in Sources */ = {isa = PBXBuildFile; fileRef = B84899E71DC3415300E31CE1 /* Day.swift */; };
		B84899EC1DC3428400E31CE1 /* ShoppingListItemModel.swift in Sources */ = {isa = PBXBuildFile; fileRef = B84899EB1DC3428400E31CE1 /* ShoppingListItemModel.swift */; };
		B84899EE1DC34AF100E31CE1 /* ShoppingListModel.swift in Sources */ = {isa = PBXBuildFile; fileRef = B84899ED1DC34AF100E31CE1 /* ShoppingListModel.swift */; };
		B84899F01DC40CFD00E31CE1 /* MealModel.swift in Sources */ = {isa = PBXBuildFile; fileRef = B84899EF1DC40CFD00E31CE1 /* MealModel.swift */; };
		B84F4E221CCCB1CF00A4CDC1 /* AppDelegate.swift in Sources */ = {isa = PBXBuildFile; fileRef = B84F4E211CCCB1CF00A4CDC1 /* AppDelegate.swift */; };
		B84F4E2B1CCCB1CF00A4CDC1 /* Assets.xcassets in Resources */ = {isa = PBXBuildFile; fileRef = B84F4E2A1CCCB1CF00A4CDC1 /* Assets.xcassets */; };
		B84F4E2E1CCCB1CF00A4CDC1 /* LaunchScreen.storyboard in Resources */ = {isa = PBXBuildFile; fileRef = B84F4E2C1CCCB1CF00A4CDC1 /* LaunchScreen.storyboard */; };
		B84F4E391CCCB1CF00A4CDC1 /* How_Much_Am_I_SpendingTests.swift in Sources */ = {isa = PBXBuildFile; fileRef = B84F4E381CCCB1CF00A4CDC1 /* How_Much_Am_I_SpendingTests.swift */; };
		B84F4E441CCCB1CF00A4CDC1 /* How_Much_Am_I_SpendingUITests.swift in Sources */ = {isa = PBXBuildFile; fileRef = B84F4E431CCCB1CF00A4CDC1 /* How_Much_Am_I_SpendingUITests.swift */; };
		B87E86B41DCDBC78004081A0 /* AddShoppingListViewController.swift in Sources */ = {isa = PBXBuildFile; fileRef = B87E86B31DCDBC78004081A0 /* AddShoppingListViewController.swift */; };
		B87E86B71DCDC023004081A0 /* SegueNavigationViewController.swift in Sources */ = {isa = PBXBuildFile; fileRef = B87E86B61DCDC023004081A0 /* SegueNavigationViewController.swift */; };
		B8C739001DC47570000A0328 /* DayModel.swift in Sources */ = {isa = PBXBuildFile; fileRef = B8C738FF1DC47570000A0328 /* DayModel.swift */; };
		B8D83A931DC9B40A00FDAC82 /* WelcomeViewController.swift in Sources */ = {isa = PBXBuildFile; fileRef = B8D83A921DC9B40A00FDAC82 /* WelcomeViewController.swift */; };
		B8D83A951DC9B65E00FDAC82 /* WelcomeVCTextField.swift in Sources */ = {isa = PBXBuildFile; fileRef = B8D83A941DC9B65E00FDAC82 /* WelcomeVCTextField.swift */; };
		B8D83A991DC9B80900FDAC82 /* orangeLongButton.swift in Sources */ = {isa = PBXBuildFile; fileRef = B8D83A981DC9B80900FDAC82 /* orangeLongButton.swift */; };
		B8D83A9B1DC9CA0900FDAC82 /* HMAISStyleKit.swift in Sources */ = {isa = PBXBuildFile; fileRef = B8D83A9A1DC9CA0900FDAC82 /* HMAISStyleKit.swift */; };
		B8D83A9E1DC9CAEC00FDAC82 /* OrangeMenuButton.swift in Sources */ = {isa = PBXBuildFile; fileRef = B8D83A9D1DC9CAEC00FDAC82 /* OrangeMenuButton.swift */; };
		B8D83AA01DC9D01E00FDAC82 /* OrangeAddButton.swift in Sources */ = {isa = PBXBuildFile; fileRef = B8D83A9F1DC9D01E00FDAC82 /* OrangeAddButton.swift */; };
		B8D83AA21DC9D04500FDAC82 /* OrangeListsButton.swift in Sources */ = {isa = PBXBuildFile; fileRef = B8D83AA11DC9D04500FDAC82 /* OrangeListsButton.swift */; };
		B8D83AA41DC9D0D900FDAC82 /* HomeViewController.swift in Sources */ = {isa = PBXBuildFile; fileRef = B8D83AA31DC9D0D900FDAC82 /* HomeViewController.swift */; };
		B8F546261DD04FED007997FC /* CustomShoppingListTableViewCell.swift in Sources */ = {isa = PBXBuildFile; fileRef = B8F546251DD04FED007997FC /* CustomShoppingListTableViewCell.swift */; };
		B8F5462A1DD16686007997FC /* SpendingsList.swift in Sources */ = {isa = PBXBuildFile; fileRef = B8F546291DD16686007997FC /* SpendingsList.swift */; };
		B8F5462C1DD1B462007997FC /* OrangeFilterButton.swift in Sources */ = {isa = PBXBuildFile; fileRef = B8F5462B1DD1B462007997FC /* OrangeFilterButton.swift */; };
		B8F546301DD1B5EF007997FC /* ListDetailsViewController.swift in Sources */ = {isa = PBXBuildFile; fileRef = B8F5462F1DD1B5EF007997FC /* ListDetailsViewController.swift */; };
		B8F546321DD31291007997FC /* ProgressIndicator.swift in Sources */ = {isa = PBXBuildFile; fileRef = B8F546311DD31291007997FC /* ProgressIndicator.swift */; };
		B8F546361DD40A1A007997FC /* ShoppingListItemCell.swift in Sources */ = {isa = PBXBuildFile; fileRef = B8F546351DD40A1A007997FC /* ShoppingListItemCell.swift */; };
		B8F546381DD40B3C007997FC /* AddItemViewController.swift in Sources */ = {isa = PBXBuildFile; fileRef = B8F546371DD40B3C007997FC /* AddItemViewController.swift */; };
		BAAC8F2D2D609E751E3DF658 /* Pods_How_Much_Am_I_Spending.framework in Frameworks */ = {isa = PBXBuildFile; fileRef = 0BC35CC39DAFA7F83AB81FD9 /* Pods_How_Much_Am_I_Spending.framework */; };
/* End PBXBuildFile section */

/* Begin PBXContainerItemProxy section */
		B84F4E351CCCB1CF00A4CDC1 /* PBXContainerItemProxy */ = {
			isa = PBXContainerItemProxy;
			containerPortal = B84F4E161CCCB1CF00A4CDC1 /* Project object */;
			proxyType = 1;
			remoteGlobalIDString = B84F4E1D1CCCB1CF00A4CDC1;
			remoteInfo = "How Much Am I Spending";
		};
		B84F4E401CCCB1CF00A4CDC1 /* PBXContainerItemProxy */ = {
			isa = PBXContainerItemProxy;
			containerPortal = B84F4E161CCCB1CF00A4CDC1 /* Project object */;
			proxyType = 1;
			remoteGlobalIDString = B84F4E1D1CCCB1CF00A4CDC1;
			remoteInfo = "How Much Am I Spending";
		};
/* End PBXContainerItemProxy section */

/* Begin PBXFileReference section */
		0BC35CC39DAFA7F83AB81FD9 /* Pods_How_Much_Am_I_Spending.framework */ = {isa = PBXFileReference; explicitFileType = wrapper.framework; includeInIndex = 0; path = Pods_How_Much_Am_I_Spending.framework; sourceTree = BUILT_PRODUCTS_DIR; };
		17DB0E06D5E78345936DB489 /* Pods_How_Much_Am_I_SpendingTests.framework */ = {isa = PBXFileReference; explicitFileType = wrapper.framework; includeInIndex = 0; path = Pods_How_Much_Am_I_SpendingTests.framework; sourceTree = BUILT_PRODUCTS_DIR; };
		32C9316C1EDA3E986A6B96E5 /* Pods_How_Much_Am_I_SpendingUITests.framework */ = {isa = PBXFileReference; explicitFileType = wrapper.framework; includeInIndex = 0; path = Pods_How_Much_Am_I_SpendingUITests.framework; sourceTree = BUILT_PRODUCTS_DIR; };
		73B179A6DAC16E51E3EB19F5 /* Pods-How Much Am I Spending.release.xcconfig */ = {isa = PBXFileReference; includeInIndex = 1; lastKnownFileType = text.xcconfig; name = "Pods-How Much Am I Spending.release.xcconfig"; path = "Pods/Target Support Files/Pods-How Much Am I Spending/Pods-How Much Am I Spending.release.xcconfig"; sourceTree = "<group>"; };
		B827D6561D18FAA900E03E3D /* Geomanist-Regular.otf */ = {isa = PBXFileReference; lastKnownFileType = file; path = "Geomanist-Regular.otf"; sourceTree = "<group>"; };
		B82B61DE1D7FF8470012DC1D /* How Much Am I Spending-Bridging-Header.h */ = {isa = PBXFileReference; lastKnownFileType = sourcecode.c.h; path = "How Much Am I Spending-Bridging-Header.h"; sourceTree = "<group>"; };
		B82B61E71D7FFFAB0012DC1D /* Main.storyboard */ = {isa = PBXFileReference; fileEncoding = 4; lastKnownFileType = file.storyboard; path = Main.storyboard; sourceTree = "<group>"; };
		B834D0A01D85235E00B41845 /* Constants.swift */ = {isa = PBXFileReference; fileEncoding = 4; lastKnownFileType = sourcecode.swift; path = Constants.swift; sourceTree = "<group>"; };
		B844C13F1DCDB179006A46C7 /* OrangeAddListButton.swift */ = {isa = PBXFileReference; fileEncoding = 4; lastKnownFileType = sourcecode.swift; path = OrangeAddListButton.swift; sourceTree = "<group>"; };
		B84899D51DC337F800E31CE1 /* NSMyDefaults.swift */ = {isa = PBXFileReference; fileEncoding = 4; lastKnownFileType = sourcecode.swift; path = NSMyDefaults.swift; sourceTree = "<group>"; };
		B84899D71DC33C1400E31CE1 /* SwiftyTimer.swift */ = {isa = PBXFileReference; fileEncoding = 4; lastKnownFileType = sourcecode.swift; path = SwiftyTimer.swift; sourceTree = "<group>"; };
		B84899DB1DC33E2900E31CE1 /* ShoppingListItem.swift */ = {isa = PBXFileReference; fileEncoding = 4; lastKnownFileType = sourcecode.swift; path = ShoppingListItem.swift; sourceTree = "<group>"; };
		B84899DD1DC33F5100E31CE1 /* SpendingsItem.swift */ = {isa = PBXFileReference; fileEncoding = 4; lastKnownFileType = sourcecode.swift; path = SpendingsItem.swift; sourceTree = "<group>"; };
		B84899DF1DC33FE000E31CE1 /* ShoppingList.swift */ = {isa = PBXFileReference; fileEncoding = 4; lastKnownFileType = sourcecode.swift; path = ShoppingList.swift; sourceTree = "<group>"; };
		B84899E11DC3401B00E31CE1 /* CustomShoppingList.swift */ = {isa = PBXFileReference; fileEncoding = 4; lastKnownFileType = sourcecode.swift; path = CustomShoppingList.swift; sourceTree = "<group>"; };
		B84899E31DC340C400E31CE1 /* MealPlan.swift */ = {isa = PBXFileReference; fileEncoding = 4; lastKnownFileType = sourcecode.swift; path = MealPlan.swift; sourceTree = "<group>"; };
		B84899E51DC3410000E31CE1 /* Meal.swift */ = {isa = PBXFileReference; fileEncoding = 4; lastKnownFileType = sourcecode.swift; path = Meal.swift; sourceTree = "<group>"; };
		B84899E71DC3415300E31CE1 /* Day.swift */ = {isa = PBXFileReference; fileEncoding = 4; lastKnownFileType = sourcecode.swift; path = Day.swift; sourceTree = "<group>"; };
		B84899EB1DC3428400E31CE1 /* ShoppingListItemModel.swift */ = {isa = PBXFileReference; fileEncoding = 4; lastKnownFileType = sourcecode.swift; path = ShoppingListItemModel.swift; sourceTree = "<group>"; };
		B84899ED1DC34AF100E31CE1 /* ShoppingListModel.swift */ = {isa = PBXFileReference; fileEncoding = 4; lastKnownFileType = sourcecode.swift; path = ShoppingListModel.swift; sourceTree = "<group>"; };
		B84899EF1DC40CFD00E31CE1 /* MealModel.swift */ = {isa = PBXFileReference; fileEncoding = 4; lastKnownFileType = sourcecode.swift; path = MealModel.swift; sourceTree = "<group>"; };
		B84F4E1E1CCCB1CF00A4CDC1 /* How Much Am I Spending.app */ = {isa = PBXFileReference; explicitFileType = wrapper.application; includeInIndex = 0; path = "How Much Am I Spending.app"; sourceTree = BUILT_PRODUCTS_DIR; };
		B84F4E211CCCB1CF00A4CDC1 /* AppDelegate.swift */ = {isa = PBXFileReference; lastKnownFileType = sourcecode.swift; path = AppDelegate.swift; sourceTree = "<group>"; };
		B84F4E2A1CCCB1CF00A4CDC1 /* Assets.xcassets */ = {isa = PBXFileReference; lastKnownFileType = folder.assetcatalog; path = Assets.xcassets; sourceTree = "<group>"; };
		B84F4E2D1CCCB1CF00A4CDC1 /* Base */ = {isa = PBXFileReference; lastKnownFileType = file.storyboard; name = Base; path = Base.lproj/LaunchScreen.storyboard; sourceTree = "<group>"; };
		B84F4E2F1CCCB1CF00A4CDC1 /* Info.plist */ = {isa = PBXFileReference; lastKnownFileType = text.plist.xml; path = Info.plist; sourceTree = "<group>"; };
		B84F4E341CCCB1CF00A4CDC1 /* How Much Am I SpendingTests.xctest */ = {isa = PBXFileReference; explicitFileType = wrapper.cfbundle; includeInIndex = 0; path = "How Much Am I SpendingTests.xctest"; sourceTree = BUILT_PRODUCTS_DIR; };
		B84F4E381CCCB1CF00A4CDC1 /* How_Much_Am_I_SpendingTests.swift */ = {isa = PBXFileReference; lastKnownFileType = sourcecode.swift; path = How_Much_Am_I_SpendingTests.swift; sourceTree = "<group>"; };
		B84F4E3A1CCCB1CF00A4CDC1 /* Info.plist */ = {isa = PBXFileReference; lastKnownFileType = text.plist.xml; path = Info.plist; sourceTree = "<group>"; };
		B84F4E3F1CCCB1CF00A4CDC1 /* How Much Am I SpendingUITests.xctest */ = {isa = PBXFileReference; explicitFileType = wrapper.cfbundle; includeInIndex = 0; path = "How Much Am I SpendingUITests.xctest"; sourceTree = BUILT_PRODUCTS_DIR; };
		B84F4E431CCCB1CF00A4CDC1 /* How_Much_Am_I_SpendingUITests.swift */ = {isa = PBXFileReference; lastKnownFileType = sourcecode.swift; path = How_Much_Am_I_SpendingUITests.swift; sourceTree = "<group>"; };
		B84F4E451CCCB1CF00A4CDC1 /* Info.plist */ = {isa = PBXFileReference; lastKnownFileType = text.plist.xml; path = Info.plist; sourceTree = "<group>"; };
		B87E86B31DCDBC78004081A0 /* AddShoppingListViewController.swift */ = {isa = PBXFileReference; fileEncoding = 4; lastKnownFileType = sourcecode.swift; path = AddShoppingListViewController.swift; sourceTree = "<group>"; };
		B87E86B61DCDC023004081A0 /* SegueNavigationViewController.swift */ = {isa = PBXFileReference; fileEncoding = 4; lastKnownFileType = sourcecode.swift; path = SegueNavigationViewController.swift; sourceTree = "<group>"; };
		B8C738FF1DC47570000A0328 /* DayModel.swift */ = {isa = PBXFileReference; fileEncoding = 4; lastKnownFileType = sourcecode.swift; path = DayModel.swift; sourceTree = "<group>"; };
		B8D83A921DC9B40A00FDAC82 /* WelcomeViewController.swift */ = {isa = PBXFileReference; fileEncoding = 4; lastKnownFileType = sourcecode.swift; path = WelcomeViewController.swift; sourceTree = "<group>"; };
		B8D83A941DC9B65E00FDAC82 /* WelcomeVCTextField.swift */ = {isa = PBXFileReference; fileEncoding = 4; lastKnownFileType = sourcecode.swift; path = WelcomeVCTextField.swift; sourceTree = "<group>"; };
		B8D83A981DC9B80900FDAC82 /* orangeLongButton.swift */ = {isa = PBXFileReference; fileEncoding = 4; lastKnownFileType = sourcecode.swift; path = orangeLongButton.swift; sourceTree = "<group>"; };
		B8D83A9A1DC9CA0900FDAC82 /* HMAISStyleKit.swift */ = {isa = PBXFileReference; fileEncoding = 4; lastKnownFileType = sourcecode.swift; path = HMAISStyleKit.swift; sourceTree = "<group>"; };
		B8D83A9D1DC9CAEC00FDAC82 /* OrangeMenuButton.swift */ = {isa = PBXFileReference; fileEncoding = 4; lastKnownFileType = sourcecode.swift; path = OrangeMenuButton.swift; sourceTree = "<group>"; };
		B8D83A9F1DC9D01E00FDAC82 /* OrangeAddButton.swift */ = {isa = PBXFileReference; fileEncoding = 4; lastKnownFileType = sourcecode.swift; path = OrangeAddButton.swift; sourceTree = "<group>"; };
		B8D83AA11DC9D04500FDAC82 /* OrangeListsButton.swift */ = {isa = PBXFileReference; fileEncoding = 4; lastKnownFileType = sourcecode.swift; path = OrangeListsButton.swift; sourceTree = "<group>"; };
		B8D83AA31DC9D0D900FDAC82 /* HomeViewController.swift */ = {isa = PBXFileReference; fileEncoding = 4; lastKnownFileType = sourcecode.swift; path = HomeViewController.swift; sourceTree = "<group>"; };
		B8F546251DD04FED007997FC /* CustomShoppingListTableViewCell.swift */ = {isa = PBXFileReference; fileEncoding = 4; lastKnownFileType = sourcecode.swift; path = CustomShoppingListTableViewCell.swift; sourceTree = "<group>"; };
		B8F546291DD16686007997FC /* SpendingsList.swift */ = {isa = PBXFileReference; fileEncoding = 4; lastKnownFileType = sourcecode.swift; path = SpendingsList.swift; sourceTree = "<group>"; };
		B8F5462B1DD1B462007997FC /* OrangeFilterButton.swift */ = {isa = PBXFileReference; fileEncoding = 4; lastKnownFileType = sourcecode.swift; path = OrangeFilterButton.swift; sourceTree = "<group>"; };
		B8F5462F1DD1B5EF007997FC /* ListDetailsViewController.swift */ = {isa = PBXFileReference; fileEncoding = 4; lastKnownFileType = sourcecode.swift; path = ListDetailsViewController.swift; sourceTree = "<group>"; };
		B8F546311DD31291007997FC /* ProgressIndicator.swift */ = {isa = PBXFileReference; fileEncoding = 4; lastKnownFileType = sourcecode.swift; path = ProgressIndicator.swift; sourceTree = "<group>"; };
		B8F546351DD40A1A007997FC /* ShoppingListItemCell.swift */ = {isa = PBXFileReference; fileEncoding = 4; lastKnownFileType = sourcecode.swift; path = ShoppingListItemCell.swift; sourceTree = "<group>"; };
		B8F546371DD40B3C007997FC /* AddItemViewController.swift */ = {isa = PBXFileReference; fileEncoding = 4; lastKnownFileType = sourcecode.swift; path = AddItemViewController.swift; sourceTree = "<group>"; };
		BB399DA25E95D985E42EA24D /* Pods-How Much Am I Spending.debug.xcconfig */ = {isa = PBXFileReference; includeInIndex = 1; lastKnownFileType = text.xcconfig; name = "Pods-How Much Am I Spending.debug.xcconfig"; path = "Pods/Target Support Files/Pods-How Much Am I Spending/Pods-How Much Am I Spending.debug.xcconfig"; sourceTree = "<group>"; };
/* End PBXFileReference section */

/* Begin PBXFrameworksBuildPhase section */
		B84F4E1B1CCCB1CF00A4CDC1 /* Frameworks */ = {
			isa = PBXFrameworksBuildPhase;
			buildActionMask = 2147483647;
			files = (
				BAAC8F2D2D609E751E3DF658 /* Pods_How_Much_Am_I_Spending.framework in Frameworks */,
			);
			runOnlyForDeploymentPostprocessing = 0;
		};
		B84F4E311CCCB1CF00A4CDC1 /* Frameworks */ = {
			isa = PBXFrameworksBuildPhase;
			buildActionMask = 2147483647;
			files = (
			);
			runOnlyForDeploymentPostprocessing = 0;
		};
		B84F4E3C1CCCB1CF00A4CDC1 /* Frameworks */ = {
			isa = PBXFrameworksBuildPhase;
			buildActionMask = 2147483647;
			files = (
			);
			runOnlyForDeploymentPostprocessing = 0;
		};
/* End PBXFrameworksBuildPhase section */

/* Begin PBXGroup section */
		9EFE793380949AAA3127D223 /* Frameworks */ = {
			isa = PBXGroup;
			children = (
				0BC35CC39DAFA7F83AB81FD9 /* Pods_How_Much_Am_I_Spending.framework */,
				17DB0E06D5E78345936DB489 /* Pods_How_Much_Am_I_SpendingTests.framework */,
				32C9316C1EDA3E986A6B96E5 /* Pods_How_Much_Am_I_SpendingUITests.framework */,
			);
			name = Frameworks;
			sourceTree = "<group>";
		};
		B827D6551D18FA5D00E03E3D /* Fonts */ = {
			isa = PBXGroup;
			children = (
				B827D6561D18FAA900E03E3D /* Geomanist-Regular.otf */,
			);
			name = Fonts;
			sourceTree = "<group>";
		};
		B82B61DC1D7FF7E70012DC1D /* Objective-C Files */ = {
			isa = PBXGroup;
			children = (
				B82B61DE1D7FF8470012DC1D /* How Much Am I Spending-Bridging-Header.h */,
			);
			name = "Objective-C Files";
			sourceTree = "<group>";
		};
		B84899D21DC337AE00E31CE1 /* Models */ = {
			isa = PBXGroup;
			children = (
				B8D83A9A1DC9CA0900FDAC82 /* HMAISStyleKit.swift */,
				B84899D51DC337F800E31CE1 /* NSMyDefaults.swift */,
				B84899D71DC33C1400E31CE1 /* SwiftyTimer.swift */,
				B84899EB1DC3428400E31CE1 /* ShoppingListItemModel.swift */,
				B84899ED1DC34AF100E31CE1 /* ShoppingListModel.swift */,
				B84899EF1DC40CFD00E31CE1 /* MealModel.swift */,
				B8C738FF1DC47570000A0328 /* DayModel.swift */,
			);
			name = Models;
			sourceTree = "<group>";
		};
		B84899D31DC337B500E31CE1 /* Views */ = {
			isa = PBXGroup;
			children = (
				B8D83A9C1DC9CAD000FDAC82 /* Buttons */,
				B8D83A941DC9B65E00FDAC82 /* WelcomeVCTextField.swift */,
				B8F546311DD31291007997FC /* ProgressIndicator.swift */,
			);
			name = Views;
			sourceTree = "<group>";
		};
		B84899D41DC337BA00E31CE1 /* ViewControllers */ = {
			isa = PBXGroup;
			children = (
				B8D83A921DC9B40A00FDAC82 /* WelcomeViewController.swift */,
				B8D83AA31DC9D0D900FDAC82 /* HomeViewController.swift */,
				B87E86B31DCDBC78004081A0 /* AddShoppingListViewController.swift */,
				B87E86B61DCDC023004081A0 /* SegueNavigationViewController.swift */,
				B8F5462F1DD1B5EF007997FC /* ListDetailsViewController.swift */,
				B8F546371DD40B3C007997FC /* AddItemViewController.swift */,
			);
			name = ViewControllers;
			sourceTree = "<group>";
		};
		B84899D91DC33DEC00E31CE1 /* Classes */ = {
			isa = PBXGroup;
			children = (
				B84899DA1DC33E0200E31CE1 /* Realm Objects */,
			);
			name = Classes;
			sourceTree = "<group>";
		};
		B84899DA1DC33E0200E31CE1 /* Realm Objects */ = {
			isa = PBXGroup;
			children = (
				B84899EA1DC341C400E31CE1 /* ShoppingListItems */,
				B84899E91DC341AE00E31CE1 /* ShoppingLists */,
				B84899E51DC3410000E31CE1 /* Meal.swift */,
				B84899E71DC3415300E31CE1 /* Day.swift */,
			);
			name = "Realm Objects";
			sourceTree = "<group>";
		};
		B84899E91DC341AE00E31CE1 /* ShoppingLists */ = {
			isa = PBXGroup;
			children = (
				B84899DF1DC33FE000E31CE1 /* ShoppingList.swift */,
				B84899E31DC340C400E31CE1 /* MealPlan.swift */,
				B84899E11DC3401B00E31CE1 /* CustomShoppingList.swift */,
				B8F546291DD16686007997FC /* SpendingsList.swift */,
			);
			name = ShoppingLists;
			sourceTree = "<group>";
		};
		B84899EA1DC341C400E31CE1 /* ShoppingListItems */ = {
			isa = PBXGroup;
			children = (
				B84899DB1DC33E2900E31CE1 /* ShoppingListItem.swift */,
				B84899DD1DC33F5100E31CE1 /* SpendingsItem.swift */,
			);
			name = ShoppingListItems;
			sourceTree = "<group>";
		};
		B84F4E151CCCB1CF00A4CDC1 = {
			isa = PBXGroup;
			children = (
				B84F4E201CCCB1CF00A4CDC1 /* How Much Am I Spending */,
				B84F4E1F1CCCB1CF00A4CDC1 /* Products */,
				FB1DBDBD3500D5E34F5972B3 /* Pods */,
				9EFE793380949AAA3127D223 /* Frameworks */,
			);
			sourceTree = "<group>";
		};
		B84F4E1F1CCCB1CF00A4CDC1 /* Products */ = {
			isa = PBXGroup;
			children = (
				B84F4E1E1CCCB1CF00A4CDC1 /* How Much Am I Spending.app */,
				B84F4E341CCCB1CF00A4CDC1 /* How Much Am I SpendingTests.xctest */,
				B84F4E3F1CCCB1CF00A4CDC1 /* How Much Am I SpendingUITests.xctest */,
			);
			name = Products;
			sourceTree = "<group>";
		};
		B84F4E201CCCB1CF00A4CDC1 /* How Much Am I Spending */ = {
			isa = PBXGroup;
			children = (
				B82B61E71D7FFFAB0012DC1D /* Main.storyboard */,
				B84899D91DC33DEC00E31CE1 /* Classes */,
				B84899D21DC337AE00E31CE1 /* Models */,
				B84899D41DC337BA00E31CE1 /* ViewControllers */,
				B8F546241DD04FB1007997FC /* TableViewCells */,
				B84899D31DC337B500E31CE1 /* Views */,
				B84F4E511CCCB1DA00A4CDC1 /* SF */,
			);
			path = "How Much Am I Spending";
			sourceTree = "<group>";
		};
		B84F4E371CCCB1CF00A4CDC1 /* How Much Am I SpendingTests */ = {
			isa = PBXGroup;
			children = (
				B84F4E381CCCB1CF00A4CDC1 /* How_Much_Am_I_SpendingTests.swift */,
				B84F4E3A1CCCB1CF00A4CDC1 /* Info.plist */,
			);
			path = "How Much Am I SpendingTests";
			sourceTree = SOURCE_ROOT;
		};
		B84F4E421CCCB1CF00A4CDC1 /* How Much Am I SpendingUITests */ = {
			isa = PBXGroup;
			children = (
				B84F4E431CCCB1CF00A4CDC1 /* How_Much_Am_I_SpendingUITests.swift */,
				B84F4E451CCCB1CF00A4CDC1 /* Info.plist */,
			);
			path = "How Much Am I SpendingUITests";
			sourceTree = SOURCE_ROOT;
		};
		B84F4E511CCCB1DA00A4CDC1 /* SF */ = {
			isa = PBXGroup;
			children = (
				B84F4E421CCCB1CF00A4CDC1 /* How Much Am I SpendingUITests */,
				B84F4E371CCCB1CF00A4CDC1 /* How Much Am I SpendingTests */,
				B82B61DC1D7FF7E70012DC1D /* Objective-C Files */,
				B827D6551D18FA5D00E03E3D /* Fonts */,
				B84F4E2A1CCCB1CF00A4CDC1 /* Assets.xcassets */,
				B84F4E211CCCB1CF00A4CDC1 /* AppDelegate.swift */,
				B84F4E2C1CCCB1CF00A4CDC1 /* LaunchScreen.storyboard */,
				B84F4E2F1CCCB1CF00A4CDC1 /* Info.plist */,
				B834D0A01D85235E00B41845 /* Constants.swift */,
			);
			name = SF;
			sourceTree = "<group>";
		};
		B8D83A9C1DC9CAD000FDAC82 /* Buttons */ = {
			isa = PBXGroup;
			children = (
				B8D83A981DC9B80900FDAC82 /* orangeLongButton.swift */,
				B8D83A9D1DC9CAEC00FDAC82 /* OrangeMenuButton.swift */,
				B8D83A9F1DC9D01E00FDAC82 /* OrangeAddButton.swift */,
				B8D83AA11DC9D04500FDAC82 /* OrangeListsButton.swift */,
				B844C13F1DCDB179006A46C7 /* OrangeAddListButton.swift */,
				B8F5462B1DD1B462007997FC /* OrangeFilterButton.swift */,
			);
			name = Buttons;
			sourceTree = "<group>";
		};
		B8F546241DD04FB1007997FC /* TableViewCells */ = {
			isa = PBXGroup;
			children = (
				B8F546251DD04FED007997FC /* CustomShoppingListTableViewCell.swift */,
				B8F546351DD40A1A007997FC /* ShoppingListItemCell.swift */,
			);
			name = TableViewCells;
			sourceTree = "<group>";
		};
		FB1DBDBD3500D5E34F5972B3 /* Pods */ = {
			isa = PBXGroup;
			children = (
				BB399DA25E95D985E42EA24D /* Pods-How Much Am I Spending.debug.xcconfig */,
				73B179A6DAC16E51E3EB19F5 /* Pods-How Much Am I Spending.release.xcconfig */,
			);
			name = Pods;
			sourceTree = "<group>";
		};
/* End PBXGroup section */

/* Begin PBXNativeTarget section */
		B84F4E1D1CCCB1CF00A4CDC1 /* How Much Am I Spending */ = {
			isa = PBXNativeTarget;
			buildConfigurationList = B84F4E481CCCB1CF00A4CDC1 /* Build configuration list for PBXNativeTarget "How Much Am I Spending" */;
			buildPhases = (
				067C7776289B9E108682770E /* 📦 Check Pods Manifest.lock */,
				B84F4E1A1CCCB1CF00A4CDC1 /* Sources */,
				B84F4E1B1CCCB1CF00A4CDC1 /* Frameworks */,
				B84F4E1C1CCCB1CF00A4CDC1 /* Resources */,
				F052B1670C40C8BC4549D68E /* 📦 Embed Pods Frameworks */,
				E4EF6499F80553F06B618F32 /* 📦 Copy Pods Resources */,
			);
			buildRules = (
			);
			dependencies = (
			);
			name = "How Much Am I Spending";
			productName = "How Much Am I Spending";
			productReference = B84F4E1E1CCCB1CF00A4CDC1 /* How Much Am I Spending.app */;
			productType = "com.apple.product-type.application";
		};
		B84F4E331CCCB1CF00A4CDC1 /* How Much Am I SpendingTests */ = {
			isa = PBXNativeTarget;
			buildConfigurationList = B84F4E4B1CCCB1CF00A4CDC1 /* Build configuration list for PBXNativeTarget "How Much Am I SpendingTests" */;
			buildPhases = (
				B84F4E301CCCB1CF00A4CDC1 /* Sources */,
				B84F4E311CCCB1CF00A4CDC1 /* Frameworks */,
				B84F4E321CCCB1CF00A4CDC1 /* Resources */,
			);
			buildRules = (
			);
			dependencies = (
				B84F4E361CCCB1CF00A4CDC1 /* PBXTargetDependency */,
			);
			name = "How Much Am I SpendingTests";
			productName = "How Much Am I SpendingTests";
			productReference = B84F4E341CCCB1CF00A4CDC1 /* How Much Am I SpendingTests.xctest */;
			productType = "com.apple.product-type.bundle.unit-test";
		};
		B84F4E3E1CCCB1CF00A4CDC1 /* How Much Am I SpendingUITests */ = {
			isa = PBXNativeTarget;
			buildConfigurationList = B84F4E4E1CCCB1CF00A4CDC1 /* Build configuration list for PBXNativeTarget "How Much Am I SpendingUITests" */;
			buildPhases = (
				B84F4E3B1CCCB1CF00A4CDC1 /* Sources */,
				B84F4E3C1CCCB1CF00A4CDC1 /* Frameworks */,
				B84F4E3D1CCCB1CF00A4CDC1 /* Resources */,
			);
			buildRules = (
			);
			dependencies = (
				B84F4E411CCCB1CF00A4CDC1 /* PBXTargetDependency */,
			);
			name = "How Much Am I SpendingUITests";
			productName = "How Much Am I SpendingUITests";
			productReference = B84F4E3F1CCCB1CF00A4CDC1 /* How Much Am I SpendingUITests.xctest */;
			productType = "com.apple.product-type.bundle.ui-testing";
		};
/* End PBXNativeTarget section */

/* Begin PBXProject section */
		B84F4E161CCCB1CF00A4CDC1 /* Project object */ = {
			isa = PBXProject;
			attributes = {
				LastSwiftUpdateCheck = 0730;
				LastUpgradeCheck = 0800;
				ORGANIZATIONNAME = "Shayne Torres";
				TargetAttributes = {
					B84F4E1D1CCCB1CF00A4CDC1 = {
						CreatedOnToolsVersion = 7.2.1;
						DevelopmentTeam = ZC55HLSXNP;
						LastSwiftMigration = 0800;
					};
					B84F4E331CCCB1CF00A4CDC1 = {
						CreatedOnToolsVersion = 7.2.1;
						DevelopmentTeam = 22K6B48Y8T;
						LastSwiftMigration = 0800;
						TestTargetID = B84F4E1D1CCCB1CF00A4CDC1;
					};
					B84F4E3E1CCCB1CF00A4CDC1 = {
						CreatedOnToolsVersion = 7.2.1;
						DevelopmentTeam = 22K6B48Y8T;
						LastSwiftMigration = 0800;
						TestTargetID = B84F4E1D1CCCB1CF00A4CDC1;
					};
				};
			};
			buildConfigurationList = B84F4E191CCCB1CF00A4CDC1 /* Build configuration list for PBXProject "How Much Am I Spending" */;
			compatibilityVersion = "Xcode 3.2";
			developmentRegion = English;
			hasScannedForEncodings = 0;
			knownRegions = (
				en,
				Base,
			);
			mainGroup = B84F4E151CCCB1CF00A4CDC1;
			productRefGroup = B84F4E1F1CCCB1CF00A4CDC1 /* Products */;
			projectDirPath = "";
			projectRoot = "";
			targets = (
				B84F4E1D1CCCB1CF00A4CDC1 /* How Much Am I Spending */,
				B84F4E331CCCB1CF00A4CDC1 /* How Much Am I SpendingTests */,
				B84F4E3E1CCCB1CF00A4CDC1 /* How Much Am I SpendingUITests */,
			);
		};
/* End PBXProject section */

/* Begin PBXResourcesBuildPhase section */
		B84F4E1C1CCCB1CF00A4CDC1 /* Resources */ = {
			isa = PBXResourcesBuildPhase;
			buildActionMask = 2147483647;
			files = (
				B84F4E2E1CCCB1CF00A4CDC1 /* LaunchScreen.storyboard in Resources */,
				B84F4E2B1CCCB1CF00A4CDC1 /* Assets.xcassets in Resources */,
				B827D6571D18FAA900E03E3D /* Geomanist-Regular.otf in Resources */,
				B82B61E81D7FFFAB0012DC1D /* Main.storyboard in Resources */,
			);
			runOnlyForDeploymentPostprocessing = 0;
		};
		B84F4E321CCCB1CF00A4CDC1 /* Resources */ = {
			isa = PBXResourcesBuildPhase;
			buildActionMask = 2147483647;
			files = (
			);
			runOnlyForDeploymentPostprocessing = 0;
		};
		B84F4E3D1CCCB1CF00A4CDC1 /* Resources */ = {
			isa = PBXResourcesBuildPhase;
			buildActionMask = 2147483647;
			files = (
			);
			runOnlyForDeploymentPostprocessing = 0;
		};
/* End PBXResourcesBuildPhase section */

/* Begin PBXShellScriptBuildPhase section */
		067C7776289B9E108682770E /* 📦 Check Pods Manifest.lock */ = {
			isa = PBXShellScriptBuildPhase;
			buildActionMask = 2147483647;
			files = (
			);
			inputPaths = (
			);
			name = "📦 Check Pods Manifest.lock";
			outputPaths = (
			);
			runOnlyForDeploymentPostprocessing = 0;
			shellPath = /bin/sh;
			shellScript = "diff \"${PODS_ROOT}/../Podfile.lock\" \"${PODS_ROOT}/Manifest.lock\" > /dev/null\nif [[ $? != 0 ]] ; then\n    cat << EOM\nerror: The sandbox is not in sync with the Podfile.lock. Run 'pod install' or update your CocoaPods installation.\nEOM\n    exit 1\nfi\n";
			showEnvVarsInLog = 0;
		};
		E4EF6499F80553F06B618F32 /* 📦 Copy Pods Resources */ = {
			isa = PBXShellScriptBuildPhase;
			buildActionMask = 2147483647;
			files = (
			);
			inputPaths = (
			);
			name = "📦 Copy Pods Resources";
			outputPaths = (
			);
			runOnlyForDeploymentPostprocessing = 0;
			shellPath = /bin/sh;
			shellScript = "\"${SRCROOT}/Pods/Target Support Files/Pods-How Much Am I Spending/Pods-How Much Am I Spending-resources.sh\"\n";
			showEnvVarsInLog = 0;
		};
		F052B1670C40C8BC4549D68E /* 📦 Embed Pods Frameworks */ = {
			isa = PBXShellScriptBuildPhase;
			buildActionMask = 2147483647;
			files = (
			);
			inputPaths = (
			);
			name = "📦 Embed Pods Frameworks";
			outputPaths = (
			);
			runOnlyForDeploymentPostprocessing = 0;
			shellPath = /bin/sh;
			shellScript = "\"${SRCROOT}/Pods/Target Support Files/Pods-How Much Am I Spending/Pods-How Much Am I Spending-frameworks.sh\"\n";
			showEnvVarsInLog = 0;
		};
/* End PBXShellScriptBuildPhase section */

/* Begin PBXSourcesBuildPhase section */
		B84F4E1A1CCCB1CF00A4CDC1 /* Sources */ = {
			isa = PBXSourcesBuildPhase;
			buildActionMask = 2147483647;
			files = (
				B84899F01DC40CFD00E31CE1 /* MealModel.swift in Sources */,
				B844C1401DCDB179006A46C7 /* OrangeAddListButton.swift in Sources */,
				B8D83AA01DC9D01E00FDAC82 /* OrangeAddButton.swift in Sources */,
				B8D83A931DC9B40A00FDAC82 /* WelcomeViewController.swift in Sources */,
				B84899E61DC3410000E31CE1 /* Meal.swift in Sources */,
				B84F4E221CCCB1CF00A4CDC1 /* AppDelegate.swift in Sources */,
				B84899EC1DC3428400E31CE1 /* ShoppingListItemModel.swift in Sources */,
				B8D83AA41DC9D0D900FDAC82 /* HomeViewController.swift in Sources */,
				B8F546361DD40A1A007997FC /* ShoppingListItemCell.swift in Sources */,
				B8F546261DD04FED007997FC /* CustomShoppingListTableViewCell.swift in Sources */,
				B8F546301DD1B5EF007997FC /* ListDetailsViewController.swift in Sources */,
				B8D83A9B1DC9CA0900FDAC82 /* HMAISStyleKit.swift in Sources */,
				B834D0A11D85235E00B41845 /* Constants.swift in Sources */,
				B84899EE1DC34AF100E31CE1 /* ShoppingListModel.swift in Sources */,
				B8C739001DC47570000A0328 /* DayModel.swift in Sources */,
				B84899E21DC3401B00E31CE1 /* CustomShoppingList.swift in Sources */,
				B8F546321DD31291007997FC /* ProgressIndicator.swift in Sources */,
				B8D83A991DC9B80900FDAC82 /* orangeLongButton.swift in Sources */,
				B8F5462A1DD16686007997FC /* SpendingsList.swift in Sources */,
				B84899E81DC3415300E31CE1 /* Day.swift in Sources */,
				B87E86B41DCDBC78004081A0 /* AddShoppingListViewController.swift in Sources */,
				B8F5462C1DD1B462007997FC /* OrangeFilterButton.swift in Sources */,
				B84899E01DC33FE000E31CE1 /* ShoppingList.swift in Sources */,
				B8D83A951DC9B65E00FDAC82 /* WelcomeVCTextField.swift in Sources */,
				B8D83A9E1DC9CAEC00FDAC82 /* OrangeMenuButton.swift in Sources */,
				B84899DE1DC33F5100E31CE1 /* SpendingsItem.swift in Sources */,
				B87E86B71DCDC023004081A0 /* SegueNavigationViewController.swift in Sources */,
				B84899D61DC337F800E31CE1 /* NSMyDefaults.swift in Sources */,
				B84899E41DC340C400E31CE1 /* MealPlan.swift in Sources */,
				B84899DC1DC33E2900E31CE1 /* ShoppingListItem.swift in Sources */,
				B84899D81DC33C1400E31CE1 /* SwiftyTimer.swift in Sources */,
				B8D83AA21DC9D04500FDAC82 /* OrangeListsButton.swift in Sources */,
				B8F546381DD40B3C007997FC /* AddItemViewController.swift in Sources */,
			);
			runOnlyForDeploymentPostprocessing = 0;
		};
		B84F4E301CCCB1CF00A4CDC1 /* Sources */ = {
			isa = PBXSourcesBuildPhase;
			buildActionMask = 2147483647;
			files = (
				B84F4E391CCCB1CF00A4CDC1 /* How_Much_Am_I_SpendingTests.swift in Sources */,
			);
			runOnlyForDeploymentPostprocessing = 0;
		};
		B84F4E3B1CCCB1CF00A4CDC1 /* Sources */ = {
			isa = PBXSourcesBuildPhase;
			buildActionMask = 2147483647;
			files = (
				B84F4E441CCCB1CF00A4CDC1 /* How_Much_Am_I_SpendingUITests.swift in Sources */,
			);
			runOnlyForDeploymentPostprocessing = 0;
		};
/* End PBXSourcesBuildPhase section */

/* Begin PBXTargetDependency section */
		B84F4E361CCCB1CF00A4CDC1 /* PBXTargetDependency */ = {
			isa = PBXTargetDependency;
			target = B84F4E1D1CCCB1CF00A4CDC1 /* How Much Am I Spending */;
			targetProxy = B84F4E351CCCB1CF00A4CDC1 /* PBXContainerItemProxy */;
		};
		B84F4E411CCCB1CF00A4CDC1 /* PBXTargetDependency */ = {
			isa = PBXTargetDependency;
			target = B84F4E1D1CCCB1CF00A4CDC1 /* How Much Am I Spending */;
			targetProxy = B84F4E401CCCB1CF00A4CDC1 /* PBXContainerItemProxy */;
		};
/* End PBXTargetDependency section */

/* Begin PBXVariantGroup section */
		B84F4E2C1CCCB1CF00A4CDC1 /* LaunchScreen.storyboard */ = {
			isa = PBXVariantGroup;
			children = (
				B84F4E2D1CCCB1CF00A4CDC1 /* Base */,
			);
			name = LaunchScreen.storyboard;
			sourceTree = "<group>";
		};
/* End PBXVariantGroup section */

/* Begin XCBuildConfiguration section */
		B84F4E461CCCB1CF00A4CDC1 /* Debug */ = {
			isa = XCBuildConfiguration;
			buildSettings = {
				ALWAYS_SEARCH_USER_PATHS = NO;
				CLANG_CXX_LANGUAGE_STANDARD = "gnu++0x";
				CLANG_CXX_LIBRARY = "libc++";
				CLANG_ENABLE_MODULES = YES;
				CLANG_ENABLE_OBJC_ARC = YES;
				CLANG_WARN_BOOL_CONVERSION = YES;
				CLANG_WARN_CONSTANT_CONVERSION = YES;
				CLANG_WARN_DIRECT_OBJC_ISA_USAGE = YES_ERROR;
				CLANG_WARN_EMPTY_BODY = YES;
				CLANG_WARN_ENUM_CONVERSION = YES;
				CLANG_WARN_INFINITE_RECURSION = YES;
				CLANG_WARN_INT_CONVERSION = YES;
				CLANG_WARN_OBJC_ROOT_CLASS = YES_ERROR;
				CLANG_WARN_SUSPICIOUS_MOVE = YES;
				CLANG_WARN_UNREACHABLE_CODE = YES;
				CLANG_WARN__DUPLICATE_METHOD_MATCH = YES;
				CODE_SIGN_IDENTITY = "iPhone Developer";
				"CODE_SIGN_IDENTITY[sdk=iphoneos*]" = "iPhone Developer";
				COPY_PHASE_STRIP = NO;
				DEBUG_INFORMATION_FORMAT = dwarf;
				ENABLE_STRICT_OBJC_MSGSEND = YES;
				ENABLE_TESTABILITY = YES;
				GCC_C_LANGUAGE_STANDARD = gnu99;
				GCC_DYNAMIC_NO_PIC = NO;
				GCC_NO_COMMON_BLOCKS = YES;
				GCC_OPTIMIZATION_LEVEL = 0;
				GCC_PREPROCESSOR_DEFINITIONS = (
					"DEBUG=1",
					"$(inherited)",
				);
				GCC_WARN_64_TO_32_BIT_CONVERSION = YES;
				GCC_WARN_ABOUT_RETURN_TYPE = YES_ERROR;
				GCC_WARN_UNDECLARED_SELECTOR = YES;
				GCC_WARN_UNINITIALIZED_AUTOS = YES_AGGRESSIVE;
				GCC_WARN_UNUSED_FUNCTION = YES;
				GCC_WARN_UNUSED_VARIABLE = YES;
				IPHONEOS_DEPLOYMENT_TARGET = 9.2;
				MTL_ENABLE_DEBUG_INFO = YES;
				ONLY_ACTIVE_ARCH = YES;
				PROVISIONING_PROFILE = "";
				SDKROOT = iphoneos;
				SWIFT_OPTIMIZATION_LEVEL = "-Onone";
				TARGETED_DEVICE_FAMILY = "1,2";
			};
			name = Debug;
		};
		B84F4E471CCCB1CF00A4CDC1 /* Release */ = {
			isa = XCBuildConfiguration;
			buildSettings = {
				ALWAYS_SEARCH_USER_PATHS = NO;
				CLANG_CXX_LANGUAGE_STANDARD = "gnu++0x";
				CLANG_CXX_LIBRARY = "libc++";
				CLANG_ENABLE_MODULES = YES;
				CLANG_ENABLE_OBJC_ARC = YES;
				CLANG_WARN_BOOL_CONVERSION = YES;
				CLANG_WARN_CONSTANT_CONVERSION = YES;
				CLANG_WARN_DIRECT_OBJC_ISA_USAGE = YES_ERROR;
				CLANG_WARN_EMPTY_BODY = YES;
				CLANG_WARN_ENUM_CONVERSION = YES;
				CLANG_WARN_INFINITE_RECURSION = YES;
				CLANG_WARN_INT_CONVERSION = YES;
				CLANG_WARN_OBJC_ROOT_CLASS = YES_ERROR;
				CLANG_WARN_SUSPICIOUS_MOVE = YES;
				CLANG_WARN_UNREACHABLE_CODE = YES;
				CLANG_WARN__DUPLICATE_METHOD_MATCH = YES;
				CODE_SIGN_IDENTITY = "iPhone Developer";
				"CODE_SIGN_IDENTITY[sdk=*]" = "iPhone Developer";
				"CODE_SIGN_IDENTITY[sdk=iphoneos*]" = "iPhone Developer";
				COPY_PHASE_STRIP = NO;
				DEBUG_INFORMATION_FORMAT = "dwarf-with-dsym";
				ENABLE_NS_ASSERTIONS = NO;
				ENABLE_STRICT_OBJC_MSGSEND = YES;
				GCC_C_LANGUAGE_STANDARD = gnu99;
				GCC_NO_COMMON_BLOCKS = YES;
				GCC_WARN_64_TO_32_BIT_CONVERSION = YES;
				GCC_WARN_ABOUT_RETURN_TYPE = YES_ERROR;
				GCC_WARN_UNDECLARED_SELECTOR = YES;
				GCC_WARN_UNINITIALIZED_AUTOS = YES_AGGRESSIVE;
				GCC_WARN_UNUSED_FUNCTION = YES;
				GCC_WARN_UNUSED_VARIABLE = YES;
				IPHONEOS_DEPLOYMENT_TARGET = 9.2;
				MTL_ENABLE_DEBUG_INFO = NO;
				PROVISIONING_PROFILE = "";
				SDKROOT = iphoneos;
				SWIFT_OPTIMIZATION_LEVEL = "-Owholemodule";
				TARGETED_DEVICE_FAMILY = "1,2";
				VALIDATE_PRODUCT = YES;
			};
			name = Release;
		};
		B84F4E491CCCB1CF00A4CDC1 /* Debug */ = {
			isa = XCBuildConfiguration;
			baseConfigurationReference = BB399DA25E95D985E42EA24D /* Pods-How Much Am I Spending.debug.xcconfig */;
			buildSettings = {
				ALWAYS_EMBED_SWIFT_STANDARD_LIBRARIES = YES;
				ASSETCATALOG_COMPILER_APPICON_NAME = AppIcon;
				CLANG_ENABLE_MODULES = YES;
				CODE_SIGN_IDENTITY = "iPhone Developer";
				"CODE_SIGN_IDENTITY[sdk=iphoneos*]" = "iPhone Developer";
				INFOPLIST_FILE = "How Much Am I Spending/Info.plist";
				LD_RUNPATH_SEARCH_PATHS = "$(inherited) @executable_path/Frameworks";
				PRODUCT_BUNDLE_IDENTIFIER = "com.Shayne-Torres.How-Much-Am-I-Spending";
				PRODUCT_NAME = "$(TARGET_NAME)";
				PROVISIONING_PROFILE = "";
				SWIFT_OBJC_BRIDGING_HEADER = "How Much Am I Spending/How Much Am I Spending-Bridging-Header.h";
				SWIFT_OPTIMIZATION_LEVEL = "-Onone";
				SWIFT_VERSION = 3.0;
			};
			name = Debug;
		};
		B84F4E4A1CCCB1CF00A4CDC1 /* Release */ = {
			isa = XCBuildConfiguration;
			baseConfigurationReference = 73B179A6DAC16E51E3EB19F5 /* Pods-How Much Am I Spending.release.xcconfig */;
			buildSettings = {
				ALWAYS_EMBED_SWIFT_STANDARD_LIBRARIES = YES;
				ASSETCATALOG_COMPILER_APPICON_NAME = AppIcon;
				CLANG_ENABLE_MODULES = YES;
				CODE_SIGN_IDENTITY = "iPhone Developer";
				"CODE_SIGN_IDENTITY[sdk=iphoneos*]" = "iPhone Developer";
				INFOPLIST_FILE = "How Much Am I Spending/Info.plist";
				LD_RUNPATH_SEARCH_PATHS = "$(inherited) @executable_path/Frameworks";
				PRODUCT_BUNDLE_IDENTIFIER = "com.Shayne-Torres.How-Much-Am-I-Spending";
				PRODUCT_NAME = "$(TARGET_NAME)";
				PROVISIONING_PROFILE = "";
				SWIFT_OBJC_BRIDGING_HEADER = "How Much Am I Spending/How Much Am I Spending-Bridging-Header.h";
				SWIFT_VERSION = 3.0;
			};
			name = Release;
		};
		B84F4E4C1CCCB1CF00A4CDC1 /* Debug */ = {
			isa = XCBuildConfiguration;
			buildSettings = {
				BUNDLE_LOADER = "$(TEST_HOST)";
				INFOPLIST_FILE = "How Much Am I SpendingTests/Info.plist";
				LD_RUNPATH_SEARCH_PATHS = "$(inherited) @executable_path/Frameworks @loader_path/Frameworks";
				PRODUCT_BUNDLE_IDENTIFIER = "Shayne-Torres.How-Much-Am-I-SpendingTests";
				PRODUCT_NAME = "$(TARGET_NAME)";
				SWIFT_VERSION = 3.0;
				TEST_HOST = "$(BUILT_PRODUCTS_DIR)/How Much Am I Spending.app/How Much Am I Spending";
			};
			name = Debug;
		};
		B84F4E4D1CCCB1CF00A4CDC1 /* Release */ = {
			isa = XCBuildConfiguration;
			buildSettings = {
				BUNDLE_LOADER = "$(TEST_HOST)";
				INFOPLIST_FILE = "How Much Am I SpendingTests/Info.plist";
				LD_RUNPATH_SEARCH_PATHS = "$(inherited) @executable_path/Frameworks @loader_path/Frameworks";
				PRODUCT_BUNDLE_IDENTIFIER = "Shayne-Torres.How-Much-Am-I-SpendingTests";
				PRODUCT_NAME = "$(TARGET_NAME)";
				SWIFT_VERSION = 3.0;
				TEST_HOST = "$(BUILT_PRODUCTS_DIR)/How Much Am I Spending.app/How Much Am I Spending";
			};
			name = Release;
		};
		B84F4E4F1CCCB1CF00A4CDC1 /* Debug */ = {
			isa = XCBuildConfiguration;
			buildSettings = {
				INFOPLIST_FILE = "How Much Am I SpendingUITests/Info.plist";
				LD_RUNPATH_SEARCH_PATHS = "$(inherited) @executable_path/Frameworks @loader_path/Frameworks";
				PRODUCT_BUNDLE_IDENTIFIER = "Shayne-Torres.How-Much-Am-I-SpendingUITests";
				PRODUCT_NAME = "$(TARGET_NAME)";
				SWIFT_VERSION = 3.0;
				TEST_TARGET_NAME = "How Much Am I Spending";
				USES_XCTRUNNER = YES;
			};
			name = Debug;
		};
		B84F4E501CCCB1CF00A4CDC1 /* Release */ = {
			isa = XCBuildConfiguration;
			buildSettings = {
				INFOPLIST_FILE = "How Much Am I SpendingUITests/Info.plist";
				LD_RUNPATH_SEARCH_PATHS = "$(inherited) @executable_path/Frameworks @loader_path/Frameworks";
				PRODUCT_BUNDLE_IDENTIFIER = "Shayne-Torres.How-Much-Am-I-SpendingUITests";
				PRODUCT_NAME = "$(TARGET_NAME)";
				SWIFT_VERSION = 3.0;
				TEST_TARGET_NAME = "How Much Am I Spending";
				USES_XCTRUNNER = YES;
			};
			name = Release;
		};
/* End XCBuildConfiguration section */

/* Begin XCConfigurationList section */
		B84F4E191CCCB1CF00A4CDC1 /* Build configuration list for PBXProject "How Much Am I Spending" */ = {
			isa = XCConfigurationList;
			buildConfigurations = (
				B84F4E461CCCB1CF00A4CDC1 /* Debug */,
				B84F4E471CCCB1CF00A4CDC1 /* Release */,
			);
			defaultConfigurationIsVisible = 0;
			defaultConfigurationName = Release;
		};
		B84F4E481CCCB1CF00A4CDC1 /* Build configuration list for PBXNativeTarget "How Much Am I Spending" */ = {
			isa = XCConfigurationList;
			buildConfigurations = (
				B84F4E491CCCB1CF00A4CDC1 /* Debug */,
				B84F4E4A1CCCB1CF00A4CDC1 /* Release */,
			);
			defaultConfigurationIsVisible = 0;
			defaultConfigurationName = Release;
		};
		B84F4E4B1CCCB1CF00A4CDC1 /* Build configuration list for PBXNativeTarget "How Much Am I SpendingTests" */ = {
			isa = XCConfigurationList;
			buildConfigurations = (
				B84F4E4C1CCCB1CF00A4CDC1 /* Debug */,
				B84F4E4D1CCCB1CF00A4CDC1 /* Release */,
			);
			defaultConfigurationIsVisible = 0;
			defaultConfigurationName = Release;
		};
		B84F4E4E1CCCB1CF00A4CDC1 /* Build configuration list for PBXNativeTarget "How Much Am I SpendingUITests" */ = {
			isa = XCConfigurationList;
			buildConfigurations = (
				B84F4E4F1CCCB1CF00A4CDC1 /* Debug */,
				B84F4E501CCCB1CF00A4CDC1 /* Release */,
			);
			defaultConfigurationIsVisible = 0;
			defaultConfigurationName = Release;
		};
/* End XCConfigurationList section */
	};
	rootObject = B84F4E161CCCB1CF00A4CDC1 /* Project object */;
}
