// !$*UTF8*$!
{
	archiveVersion = 1;
	classes = {
	};
	objectVersion = 46;
	objects = {

/* Begin PBXBuildFile section */
		2499B2DF846C2807D9029F65 /* Pods_How_Much_Am_I_SpendingUITests.framework in Frameworks */ = {isa = PBXBuildFile; fileRef = 32C9316C1EDA3E986A6B96E5 /* Pods_How_Much_Am_I_SpendingUITests.framework */; };
		B827D6571D18FAA900E03E3D /* Geomanist-Regular.otf in Resources */ = {isa = PBXBuildFile; fileRef = B827D6561D18FAA900E03E3D /* Geomanist-Regular.otf */; };
		B82B61D91D7FF2EF0012DC1D /* CurrentSpendingsItem.swift in Sources */ = {isa = PBXBuildFile; fileRef = B82B61D81D7FF2EF0012DC1D /* CurrentSpendingsItem.swift */; };
		B82B61DB1D7FF4CE0012DC1D /* CurrentSpendingsModel.swift in Sources */ = {isa = PBXBuildFile; fileRef = B82B61DA1D7FF4CE0012DC1D /* CurrentSpendingsModel.swift */; };
		B82B61E21D7FF9F30012DC1D /* CurrentSpendingsViewController.swift in Sources */ = {isa = PBXBuildFile; fileRef = B82B61E11D7FF9F30012DC1D /* CurrentSpendingsViewController.swift */; };
		B82B61E81D7FFFAB0012DC1D /* Main.storyboard in Resources */ = {isa = PBXBuildFile; fileRef = B82B61E71D7FFFAB0012DC1D /* Main.storyboard */; };
		B82B61EA1D8005C90012DC1D /* ManageSpendingsItemViewController.swift in Sources */ = {isa = PBXBuildFile; fileRef = B82B61E91D8005C90012DC1D /* ManageSpendingsItemViewController.swift */; };
		B834D09F1D85230C00B41845 /* MaterialView.swift in Sources */ = {isa = PBXBuildFile; fileRef = B834D09E1D85230C00B41845 /* MaterialView.swift */; };
		B834D0A11D85235E00B41845 /* Constants.swift in Sources */ = {isa = PBXBuildFile; fileRef = B834D0A01D85235E00B41845 /* Constants.swift */; };
		B834D0A31D85262800B41845 /* PriceTextFieldModel.swift in Sources */ = {isa = PBXBuildFile; fileRef = B834D0A21D85262800B41845 /* PriceTextFieldModel.swift */; };
		B834D0A91D85443F00B41845 /* ManageItemsStyleKit.swift in Sources */ = {isa = PBXBuildFile; fileRef = B834D0A81D85443F00B41845 /* ManageItemsStyleKit.swift */; };
		B834D0AB1D85446400B41845 /* IncreaseQuantityButton.swift in Sources */ = {isa = PBXBuildFile; fileRef = B834D0AA1D85446400B41845 /* IncreaseQuantityButton.swift */; };
		B834D0AD1D8546F100B41845 /* DecreaseQuantityButton.swift in Sources */ = {isa = PBXBuildFile; fileRef = B834D0AC1D8546F100B41845 /* DecreaseQuantityButton.swift */; };
		B84F4E221CCCB1CF00A4CDC1 /* AppDelegate.swift in Sources */ = {isa = PBXBuildFile; fileRef = B84F4E211CCCB1CF00A4CDC1 /* AppDelegate.swift */; };
		B84F4E2B1CCCB1CF00A4CDC1 /* Assets.xcassets in Resources */ = {isa = PBXBuildFile; fileRef = B84F4E2A1CCCB1CF00A4CDC1 /* Assets.xcassets */; };
		B84F4E2E1CCCB1CF00A4CDC1 /* LaunchScreen.storyboard in Resources */ = {isa = PBXBuildFile; fileRef = B84F4E2C1CCCB1CF00A4CDC1 /* LaunchScreen.storyboard */; };
		B84F4E391CCCB1CF00A4CDC1 /* How_Much_Am_I_SpendingTests.swift in Sources */ = {isa = PBXBuildFile; fileRef = B84F4E381CCCB1CF00A4CDC1 /* How_Much_Am_I_SpendingTests.swift */; };
		B84F4E441CCCB1CF00A4CDC1 /* How_Much_Am_I_SpendingUITests.swift in Sources */ = {isa = PBXBuildFile; fileRef = B84F4E431CCCB1CF00A4CDC1 /* How_Much_Am_I_SpendingUITests.swift */; };
		B885F8C71D814C9B00CAB186 /* RealmModel.swift in Sources */ = {isa = PBXBuildFile; fileRef = B885F8C61D814C9B00CAB186 /* RealmModel.swift */; };
		B8A1D4661D87FF5F009CBA1A /* DodoDistrib.swift in Sources */ = {isa = PBXBuildFile; fileRef = B8A1D4651D87FF5F009CBA1A /* DodoDistrib.swift */; };
		B8E504FB1D4D9A5A00D39060 /* HMAISKit.swift in Sources */ = {isa = PBXBuildFile; fileRef = B8E504FA1D4D9A5A00D39060 /* HMAISKit.swift */; };
		B8E505001D4DA0B900D39060 /* ShoppingListTabBarItem.swift in Sources */ = {isa = PBXBuildFile; fileRef = B8E504FF1D4DA0B900D39060 /* ShoppingListTabBarItem.swift */; };
		B8E505021D4DA1D200D39060 /* CurrentSpendingsTabBarItem.swift in Sources */ = {isa = PBXBuildFile; fileRef = B8E505011D4DA1D200D39060 /* CurrentSpendingsTabBarItem.swift */; };
		B8E505041D4DDEAD00D39060 /* SettingsTabBarItem.swift in Sources */ = {isa = PBXBuildFile; fileRef = B8E505031D4DDEAD00D39060 /* SettingsTabBarItem.swift */; };
		B8F659231D87F01700182C9F /* SaveItemButton.swift in Sources */ = {isa = PBXBuildFile; fileRef = B8F659221D87F01700182C9F /* SaveItemButton.swift */; };
		B8F659251D87F03200182C9F /* CancelItemButton.swift in Sources */ = {isa = PBXBuildFile; fileRef = B8F659241D87F03200182C9F /* CancelItemButton.swift */; };
		BAAC8F2D2D609E751E3DF658 /* Pods_How_Much_Am_I_Spending.framework in Frameworks */ = {isa = PBXBuildFile; fileRef = 0BC35CC39DAFA7F83AB81FD9 /* Pods_How_Much_Am_I_Spending.framework */; };
		FCFF9B46B37A460A7708E8C3 /* Pods_How_Much_Am_I_SpendingTests.framework in Frameworks */ = {isa = PBXBuildFile; fileRef = 17DB0E06D5E78345936DB489 /* Pods_How_Much_Am_I_SpendingTests.framework */; };
/* End PBXBuildFile section */

/* Begin PBXContainerItemProxy section */
		B84F4E351CCCB1CF00A4CDC1 /* PBXContainerItemProxy */ = {
			isa = PBXContainerItemProxy;
			containerPortal = B84F4E161CCCB1CF00A4CDC1 /* Project object */;
			proxyType = 1;
			remoteGlobalIDString = B84F4E1D1CCCB1CF00A4CDC1;
			remoteInfo = "How Much Am I Spending";
		};
		B84F4E401CCCB1CF00A4CDC1 /* PBXContainerItemProxy */ = {
			isa = PBXContainerItemProxy;
			containerPortal = B84F4E161CCCB1CF00A4CDC1 /* Project object */;
			proxyType = 1;
			remoteGlobalIDString = B84F4E1D1CCCB1CF00A4CDC1;
			remoteInfo = "How Much Am I Spending";
		};
/* End PBXContainerItemProxy section */

/* Begin PBXFileReference section */
		0BC35CC39DAFA7F83AB81FD9 /* Pods_How_Much_Am_I_Spending.framework */ = {isa = PBXFileReference; explicitFileType = wrapper.framework; includeInIndex = 0; path = Pods_How_Much_Am_I_Spending.framework; sourceTree = BUILT_PRODUCTS_DIR; };
		0F73B23DC7133D5463B2A2C5 /* Pods-How Much Am I SpendingUITests.debug.xcconfig */ = {isa = PBXFileReference; includeInIndex = 1; lastKnownFileType = text.xcconfig; name = "Pods-How Much Am I SpendingUITests.debug.xcconfig"; path = "Pods/Target Support Files/Pods-How Much Am I SpendingUITests/Pods-How Much Am I SpendingUITests.debug.xcconfig"; sourceTree = "<group>"; };
		17DB0E06D5E78345936DB489 /* Pods_How_Much_Am_I_SpendingTests.framework */ = {isa = PBXFileReference; explicitFileType = wrapper.framework; includeInIndex = 0; path = Pods_How_Much_Am_I_SpendingTests.framework; sourceTree = BUILT_PRODUCTS_DIR; };
		32C9316C1EDA3E986A6B96E5 /* Pods_How_Much_Am_I_SpendingUITests.framework */ = {isa = PBXFileReference; explicitFileType = wrapper.framework; includeInIndex = 0; path = Pods_How_Much_Am_I_SpendingUITests.framework; sourceTree = BUILT_PRODUCTS_DIR; };
		3D3FAC9383D8B7417493739E /* Pods-How Much Am I SpendingTests.debug.xcconfig */ = {isa = PBXFileReference; includeInIndex = 1; lastKnownFileType = text.xcconfig; name = "Pods-How Much Am I SpendingTests.debug.xcconfig"; path = "Pods/Target Support Files/Pods-How Much Am I SpendingTests/Pods-How Much Am I SpendingTests.debug.xcconfig"; sourceTree = "<group>"; };
		73B179A6DAC16E51E3EB19F5 /* Pods-How Much Am I Spending.release.xcconfig */ = {isa = PBXFileReference; includeInIndex = 1; lastKnownFileType = text.xcconfig; name = "Pods-How Much Am I Spending.release.xcconfig"; path = "Pods/Target Support Files/Pods-How Much Am I Spending/Pods-How Much Am I Spending.release.xcconfig"; sourceTree = "<group>"; };
		B827D6561D18FAA900E03E3D /* Geomanist-Regular.otf */ = {isa = PBXFileReference; lastKnownFileType = file; path = "Geomanist-Regular.otf"; sourceTree = "<group>"; };
		B82B61D81D7FF2EF0012DC1D /* CurrentSpendingsItem.swift */ = {isa = PBXFileReference; fileEncoding = 4; lastKnownFileType = sourcecode.swift; path = CurrentSpendingsItem.swift; sourceTree = "<group>"; };
		B82B61DA1D7FF4CE0012DC1D /* CurrentSpendingsModel.swift */ = {isa = PBXFileReference; fileEncoding = 4; lastKnownFileType = sourcecode.swift; path = CurrentSpendingsModel.swift; sourceTree = "<group>"; };
		B82B61DE1D7FF8470012DC1D /* How Much Am I Spending-Bridging-Header.h */ = {isa = PBXFileReference; lastKnownFileType = sourcecode.c.h; path = "How Much Am I Spending-Bridging-Header.h"; sourceTree = "<group>"; };
		B82B61E11D7FF9F30012DC1D /* CurrentSpendingsViewController.swift */ = {isa = PBXFileReference; fileEncoding = 4; lastKnownFileType = sourcecode.swift; path = CurrentSpendingsViewController.swift; sourceTree = "<group>"; };
		B82B61E71D7FFFAB0012DC1D /* Main.storyboard */ = {isa = PBXFileReference; fileEncoding = 4; lastKnownFileType = file.storyboard; path = Main.storyboard; sourceTree = "<group>"; };
		B82B61E91D8005C90012DC1D /* ManageSpendingsItemViewController.swift */ = {isa = PBXFileReference; fileEncoding = 4; lastKnownFileType = sourcecode.swift; path = ManageSpendingsItemViewController.swift; sourceTree = "<group>"; };
		B834D09E1D85230C00B41845 /* MaterialView.swift */ = {isa = PBXFileReference; fileEncoding = 4; lastKnownFileType = sourcecode.swift; path = MaterialView.swift; sourceTree = "<group>"; };
		B834D0A01D85235E00B41845 /* Constants.swift */ = {isa = PBXFileReference; fileEncoding = 4; lastKnownFileType = sourcecode.swift; path = Constants.swift; sourceTree = "<group>"; };
		B834D0A21D85262800B41845 /* PriceTextFieldModel.swift */ = {isa = PBXFileReference; fileEncoding = 4; lastKnownFileType = sourcecode.swift; path = PriceTextFieldModel.swift; sourceTree = "<group>"; };
		B834D0A81D85443F00B41845 /* ManageItemsStyleKit.swift */ = {isa = PBXFileReference; fileEncoding = 4; lastKnownFileType = sourcecode.swift; path = ManageItemsStyleKit.swift; sourceTree = "<group>"; };
		B834D0AA1D85446400B41845 /* IncreaseQuantityButton.swift */ = {isa = PBXFileReference; fileEncoding = 4; lastKnownFileType = sourcecode.swift; path = IncreaseQuantityButton.swift; sourceTree = "<group>"; };
		B834D0AC1D8546F100B41845 /* DecreaseQuantityButton.swift */ = {isa = PBXFileReference; fileEncoding = 4; lastKnownFileType = sourcecode.swift; path = DecreaseQuantityButton.swift; sourceTree = "<group>"; };
		B84F4E1E1CCCB1CF00A4CDC1 /* How Much Am I Spending.app */ = {isa = PBXFileReference; explicitFileType = wrapper.application; includeInIndex = 0; path = "How Much Am I Spending.app"; sourceTree = BUILT_PRODUCTS_DIR; };
		B84F4E211CCCB1CF00A4CDC1 /* AppDelegate.swift */ = {isa = PBXFileReference; lastKnownFileType = sourcecode.swift; path = AppDelegate.swift; sourceTree = "<group>"; };
		B84F4E2A1CCCB1CF00A4CDC1 /* Assets.xcassets */ = {isa = PBXFileReference; lastKnownFileType = folder.assetcatalog; path = Assets.xcassets; sourceTree = "<group>"; };
		B84F4E2D1CCCB1CF00A4CDC1 /* Base */ = {isa = PBXFileReference; lastKnownFileType = file.storyboard; name = Base; path = Base.lproj/LaunchScreen.storyboard; sourceTree = "<group>"; };
		B84F4E2F1CCCB1CF00A4CDC1 /* Info.plist */ = {isa = PBXFileReference; lastKnownFileType = text.plist.xml; path = Info.plist; sourceTree = "<group>"; };
		B84F4E341CCCB1CF00A4CDC1 /* How Much Am I SpendingTests.xctest */ = {isa = PBXFileReference; explicitFileType = wrapper.cfbundle; includeInIndex = 0; path = "How Much Am I SpendingTests.xctest"; sourceTree = BUILT_PRODUCTS_DIR; };
		B84F4E381CCCB1CF00A4CDC1 /* How_Much_Am_I_SpendingTests.swift */ = {isa = PBXFileReference; lastKnownFileType = sourcecode.swift; path = How_Much_Am_I_SpendingTests.swift; sourceTree = "<group>"; };
		B84F4E3A1CCCB1CF00A4CDC1 /* Info.plist */ = {isa = PBXFileReference; lastKnownFileType = text.plist.xml; path = Info.plist; sourceTree = "<group>"; };
		B84F4E3F1CCCB1CF00A4CDC1 /* How Much Am I SpendingUITests.xctest */ = {isa = PBXFileReference; explicitFileType = wrapper.cfbundle; includeInIndex = 0; path = "How Much Am I SpendingUITests.xctest"; sourceTree = BUILT_PRODUCTS_DIR; };
		B84F4E431CCCB1CF00A4CDC1 /* How_Much_Am_I_SpendingUITests.swift */ = {isa = PBXFileReference; lastKnownFileType = sourcecode.swift; path = How_Much_Am_I_SpendingUITests.swift; sourceTree = "<group>"; };
		B84F4E451CCCB1CF00A4CDC1 /* Info.plist */ = {isa = PBXFileReference; lastKnownFileType = text.plist.xml; path = Info.plist; sourceTree = "<group>"; };
		B885F8C61D814C9B00CAB186 /* RealmModel.swift */ = {isa = PBXFileReference; fileEncoding = 4; lastKnownFileType = sourcecode.swift; path = RealmModel.swift; sourceTree = "<group>"; };
		B8A1D4651D87FF5F009CBA1A /* DodoDistrib.swift */ = {isa = PBXFileReference; fileEncoding = 4; lastKnownFileType = sourcecode.swift; path = DodoDistrib.swift; sourceTree = "<group>"; };
		B8E504FA1D4D9A5A00D39060 /* HMAISKit.swift */ = {isa = PBXFileReference; fileEncoding = 4; lastKnownFileType = sourcecode.swift; path = HMAISKit.swift; sourceTree = "<group>"; };
		B8E504FF1D4DA0B900D39060 /* ShoppingListTabBarItem.swift */ = {isa = PBXFileReference; fileEncoding = 4; lastKnownFileType = sourcecode.swift; path = ShoppingListTabBarItem.swift; sourceTree = "<group>"; };
		B8E505011D4DA1D200D39060 /* CurrentSpendingsTabBarItem.swift */ = {isa = PBXFileReference; fileEncoding = 4; lastKnownFileType = sourcecode.swift; path = CurrentSpendingsTabBarItem.swift; sourceTree = "<group>"; };
		B8E505031D4DDEAD00D39060 /* SettingsTabBarItem.swift */ = {isa = PBXFileReference; fileEncoding = 4; lastKnownFileType = sourcecode.swift; path = SettingsTabBarItem.swift; sourceTree = "<group>"; };
		B8F659221D87F01700182C9F /* SaveItemButton.swift */ = {isa = PBXFileReference; fileEncoding = 4; lastKnownFileType = sourcecode.swift; path = SaveItemButton.swift; sourceTree = "<group>"; };
		B8F659241D87F03200182C9F /* CancelItemButton.swift */ = {isa = PBXFileReference; fileEncoding = 4; lastKnownFileType = sourcecode.swift; path = CancelItemButton.swift; sourceTree = "<group>"; };
		B951D5FBDD34EF8D18D49F12 /* Pods-How Much Am I SpendingUITests.release.xcconfig */ = {isa = PBXFileReference; includeInIndex = 1; lastKnownFileType = text.xcconfig; name = "Pods-How Much Am I SpendingUITests.release.xcconfig"; path = "Pods/Target Support Files/Pods-How Much Am I SpendingUITests/Pods-How Much Am I SpendingUITests.release.xcconfig"; sourceTree = "<group>"; };
		BB399DA25E95D985E42EA24D /* Pods-How Much Am I Spending.debug.xcconfig */ = {isa = PBXFileReference; includeInIndex = 1; lastKnownFileType = text.xcconfig; name = "Pods-How Much Am I Spending.debug.xcconfig"; path = "Pods/Target Support Files/Pods-How Much Am I Spending/Pods-How Much Am I Spending.debug.xcconfig"; sourceTree = "<group>"; };
		EFCA2452308E55B6B4EB33F5 /* Pods-How Much Am I SpendingTests.release.xcconfig */ = {isa = PBXFileReference; includeInIndex = 1; lastKnownFileType = text.xcconfig; name = "Pods-How Much Am I SpendingTests.release.xcconfig"; path = "Pods/Target Support Files/Pods-How Much Am I SpendingTests/Pods-How Much Am I SpendingTests.release.xcconfig"; sourceTree = "<group>"; };
/* End PBXFileReference section */

/* Begin PBXFrameworksBuildPhase section */
		B84F4E1B1CCCB1CF00A4CDC1 /* Frameworks */ = {
			isa = PBXFrameworksBuildPhase;
			buildActionMask = 2147483647;
			files = (
				BAAC8F2D2D609E751E3DF658 /* Pods_How_Much_Am_I_Spending.framework in Frameworks */,
			);
			runOnlyForDeploymentPostprocessing = 0;
		};
		B84F4E311CCCB1CF00A4CDC1 /* Frameworks */ = {
			isa = PBXFrameworksBuildPhase;
			buildActionMask = 2147483647;
			files = (
				FCFF9B46B37A460A7708E8C3 /* Pods_How_Much_Am_I_SpendingTests.framework in Frameworks */,
			);
			runOnlyForDeploymentPostprocessing = 0;
		};
		B84F4E3C1CCCB1CF00A4CDC1 /* Frameworks */ = {
			isa = PBXFrameworksBuildPhase;
			buildActionMask = 2147483647;
			files = (
				2499B2DF846C2807D9029F65 /* Pods_How_Much_Am_I_SpendingUITests.framework in Frameworks */,
			);
			runOnlyForDeploymentPostprocessing = 0;
		};
/* End PBXFrameworksBuildPhase section */

/* Begin PBXGroup section */
		9EFE793380949AAA3127D223 /* Frameworks */ = {
			isa = PBXGroup;
			children = (
				0BC35CC39DAFA7F83AB81FD9 /* Pods_How_Much_Am_I_Spending.framework */,
				17DB0E06D5E78345936DB489 /* Pods_How_Much_Am_I_SpendingTests.framework */,
				32C9316C1EDA3E986A6B96E5 /* Pods_How_Much_Am_I_SpendingUITests.framework */,
			);
			name = Frameworks;
			sourceTree = "<group>";
		};
		B827D6551D18FA5D00E03E3D /* Fonts */ = {
			isa = PBXGroup;
			children = (
				B827D6561D18FAA900E03E3D /* Geomanist-Regular.otf */,
			);
			name = Fonts;
			sourceTree = "<group>";
		};
		B82B61D71D7FF2B20012DC1D /* Realm Objects */ = {
			isa = PBXGroup;
			children = (
				B82B61D81D7FF2EF0012DC1D /* CurrentSpendingsItem.swift */,
			);
			name = "Realm Objects";
			sourceTree = "<group>";
		};
		B82B61DC1D7FF7E70012DC1D /* Objective-C Files */ = {
			isa = PBXGroup;
			children = (
				B82B61DE1D7FF8470012DC1D /* How Much Am I Spending-Bridging-Header.h */,
			);
			name = "Objective-C Files";
			sourceTree = "<group>";
		};
		B834D09D1D8522F100B41845 /* Views */ = {
			isa = PBXGroup;
			children = (
				B834D09E1D85230C00B41845 /* MaterialView.swift */,
				B834D0AA1D85446400B41845 /* IncreaseQuantityButton.swift */,
				B834D0AC1D8546F100B41845 /* DecreaseQuantityButton.swift */,
				B8F659221D87F01700182C9F /* SaveItemButton.swift */,
				B8F659241D87F03200182C9F /* CancelItemButton.swift */,
			);
			name = Views;
			sourceTree = "<group>";
		};
		B84F4E151CCCB1CF00A4CDC1 = {
			isa = PBXGroup;
			children = (
				B84F4E201CCCB1CF00A4CDC1 /* How Much Am I Spending */,
				B84F4E371CCCB1CF00A4CDC1 /* How Much Am I SpendingTests */,
				B84F4E421CCCB1CF00A4CDC1 /* How Much Am I SpendingUITests */,
				B84F4E1F1CCCB1CF00A4CDC1 /* Products */,
				FB1DBDBD3500D5E34F5972B3 /* Pods */,
				9EFE793380949AAA3127D223 /* Frameworks */,
			);
			sourceTree = "<group>";
		};
		B84F4E1F1CCCB1CF00A4CDC1 /* Products */ = {
			isa = PBXGroup;
			children = (
				B84F4E1E1CCCB1CF00A4CDC1 /* How Much Am I Spending.app */,
				B84F4E341CCCB1CF00A4CDC1 /* How Much Am I SpendingTests.xctest */,
				B84F4E3F1CCCB1CF00A4CDC1 /* How Much Am I SpendingUITests.xctest */,
			);
			name = Products;
			sourceTree = "<group>";
		};
		B84F4E201CCCB1CF00A4CDC1 /* How Much Am I Spending */ = {
			isa = PBXGroup;
			children = (
				B834D09D1D8522F100B41845 /* Views */,
				B82B61E71D7FFFAB0012DC1D /* Main.storyboard */,
				B834D0A81D85443F00B41845 /* ManageItemsStyleKit.swift */,
				B82B61DC1D7FF7E70012DC1D /* Objective-C Files */,
				B8C21C961CE04CFA00FC16E5 /* View Controllers */,
				B82B61D71D7FF2B20012DC1D /* Realm Objects */,
				B8C21C951CE04CEB00FC16E5 /* Models */,
				B8C21C941CE04CBC00FC16E5 /* Classes */,
				B885F8C31D81307200CAB186 /* Enums */,
				B8E504FC1D4D9A5E00D39060 /* StyleKits */,
				B8DDED9F1D4D644700FCFAAA /* Views */,
				B827D6551D18FA5D00E03E3D /* Fonts */,
				B84F4E2A1CCCB1CF00A4CDC1 /* Assets.xcassets */,
				B84F4E511CCCB1DA00A4CDC1 /* SF */,
			);
			path = "How Much Am I Spending";
			sourceTree = "<group>";
		};
		B84F4E371CCCB1CF00A4CDC1 /* How Much Am I SpendingTests */ = {
			isa = PBXGroup;
			children = (
				B84F4E381CCCB1CF00A4CDC1 /* How_Much_Am_I_SpendingTests.swift */,
				B84F4E3A1CCCB1CF00A4CDC1 /* Info.plist */,
			);
			path = "How Much Am I SpendingTests";
			sourceTree = "<group>";
		};
		B84F4E421CCCB1CF00A4CDC1 /* How Much Am I SpendingUITests */ = {
			isa = PBXGroup;
			children = (
				B84F4E431CCCB1CF00A4CDC1 /* How_Much_Am_I_SpendingUITests.swift */,
				B84F4E451CCCB1CF00A4CDC1 /* Info.plist */,
			);
			path = "How Much Am I SpendingUITests";
			sourceTree = "<group>";
		};
		B84F4E511CCCB1DA00A4CDC1 /* SF */ = {
			isa = PBXGroup;
			children = (
				B8F659261D87F93C00182C9F /* Frameworks */,
				B84F4E211CCCB1CF00A4CDC1 /* AppDelegate.swift */,
				B84F4E2C1CCCB1CF00A4CDC1 /* LaunchScreen.storyboard */,
				B84F4E2F1CCCB1CF00A4CDC1 /* Info.plist */,
				B834D0A01D85235E00B41845 /* Constants.swift */,
			);
			name = SF;
			sourceTree = "<group>";
		};
		B885F8C31D81307200CAB186 /* Enums */ = {
			isa = PBXGroup;
			children = (
			);
			name = Enums;
			sourceTree = "<group>";
		};
		B8C21C941CE04CBC00FC16E5 /* Classes */ = {
			isa = PBXGroup;
			children = (
			);
			name = Classes;
			sourceTree = "<group>";
		};
		B8C21C951CE04CEB00FC16E5 /* Models */ = {
			isa = PBXGroup;
			children = (
				B82B61DA1D7FF4CE0012DC1D /* CurrentSpendingsModel.swift */,
				B885F8C61D814C9B00CAB186 /* RealmModel.swift */,
				B834D0A21D85262800B41845 /* PriceTextFieldModel.swift */,
			);
			name = Models;
			sourceTree = "<group>";
		};
		B8C21C961CE04CFA00FC16E5 /* View Controllers */ = {
			isa = PBXGroup;
			children = (
				B82B61E11D7FF9F30012DC1D /* CurrentSpendingsViewController.swift */,
				B82B61E91D8005C90012DC1D /* ManageSpendingsItemViewController.swift */,
			);
			name = "View Controllers";
			sourceTree = "<group>";
		};
		B8DDED9F1D4D644700FCFAAA /* Views */ = {
			isa = PBXGroup;
			children = (
				B8E504FF1D4DA0B900D39060 /* ShoppingListTabBarItem.swift */,
				B8E505011D4DA1D200D39060 /* CurrentSpendingsTabBarItem.swift */,
				B8E505031D4DDEAD00D39060 /* SettingsTabBarItem.swift */,
			);
			name = Views;
			sourceTree = "<group>";
		};
		B8E504FC1D4D9A5E00D39060 /* StyleKits */ = {
			isa = PBXGroup;
			children = (
				B8E504FA1D4D9A5A00D39060 /* HMAISKit.swift */,
			);
			name = StyleKits;
			sourceTree = "<group>";
		};
		B8F659261D87F93C00182C9F /* Frameworks */ = {
			isa = PBXGroup;
			children = (
				B8A1D4651D87FF5F009CBA1A /* DodoDistrib.swift */,
			);
			name = Frameworks;
			sourceTree = "<group>";
		};
		FB1DBDBD3500D5E34F5972B3 /* Pods */ = {
			isa = PBXGroup;
			children = (
				BB399DA25E95D985E42EA24D /* Pods-How Much Am I Spending.debug.xcconfig */,
				73B179A6DAC16E51E3EB19F5 /* Pods-How Much Am I Spending.release.xcconfig */,
				3D3FAC9383D8B7417493739E /* Pods-How Much Am I SpendingTests.debug.xcconfig */,
				EFCA2452308E55B6B4EB33F5 /* Pods-How Much Am I SpendingTests.release.xcconfig */,
				0F73B23DC7133D5463B2A2C5 /* Pods-How Much Am I SpendingUITests.debug.xcconfig */,
				B951D5FBDD34EF8D18D49F12 /* Pods-How Much Am I SpendingUITests.release.xcconfig */,
			);
			name = Pods;
			sourceTree = "<group>";
		};
/* End PBXGroup section */

/* Begin PBXNativeTarget section */
		B84F4E1D1CCCB1CF00A4CDC1 /* How Much Am I Spending */ = {
			isa = PBXNativeTarget;
			buildConfigurationList = B84F4E481CCCB1CF00A4CDC1 /* Build configuration list for PBXNativeTarget "How Much Am I Spending" */;
			buildPhases = (
				067C7776289B9E108682770E /* 📦 Check Pods Manifest.lock */,
				B84F4E1A1CCCB1CF00A4CDC1 /* Sources */,
				B84F4E1B1CCCB1CF00A4CDC1 /* Frameworks */,
				B84F4E1C1CCCB1CF00A4CDC1 /* Resources */,
				F052B1670C40C8BC4549D68E /* 📦 Embed Pods Frameworks */,
				E4EF6499F80553F06B618F32 /* 📦 Copy Pods Resources */,
			);
			buildRules = (
			);
			dependencies = (
			);
			name = "How Much Am I Spending";
			productName = "How Much Am I Spending";
			productReference = B84F4E1E1CCCB1CF00A4CDC1 /* How Much Am I Spending.app */;
			productType = "com.apple.product-type.application";
		};
		B84F4E331CCCB1CF00A4CDC1 /* How Much Am I SpendingTests */ = {
			isa = PBXNativeTarget;
			buildConfigurationList = B84F4E4B1CCCB1CF00A4CDC1 /* Build configuration list for PBXNativeTarget "How Much Am I SpendingTests" */;
			buildPhases = (
				14FB35105339E6FFACBB309C /* 📦 Check Pods Manifest.lock */,
				B84F4E301CCCB1CF00A4CDC1 /* Sources */,
				B84F4E311CCCB1CF00A4CDC1 /* Frameworks */,
				B84F4E321CCCB1CF00A4CDC1 /* Resources */,
				1DC512ED18CA69EC40826A6F /* 📦 Embed Pods Frameworks */,
				F2AFFEDC48A76AF8EB95B5A4 /* 📦 Copy Pods Resources */,
			);
			buildRules = (
			);
			dependencies = (
				B84F4E361CCCB1CF00A4CDC1 /* PBXTargetDependency */,
			);
			name = "How Much Am I SpendingTests";
			productName = "How Much Am I SpendingTests";
			productReference = B84F4E341CCCB1CF00A4CDC1 /* How Much Am I SpendingTests.xctest */;
			productType = "com.apple.product-type.bundle.unit-test";
		};
		B84F4E3E1CCCB1CF00A4CDC1 /* How Much Am I SpendingUITests */ = {
			isa = PBXNativeTarget;
			buildConfigurationList = B84F4E4E1CCCB1CF00A4CDC1 /* Build configuration list for PBXNativeTarget "How Much Am I SpendingUITests" */;
			buildPhases = (
				02E731D94235BC67983D0871 /* 📦 Check Pods Manifest.lock */,
				B84F4E3B1CCCB1CF00A4CDC1 /* Sources */,
				B84F4E3C1CCCB1CF00A4CDC1 /* Frameworks */,
				B84F4E3D1CCCB1CF00A4CDC1 /* Resources */,
				C961AC9D647E94C0EE48BCF8 /* 📦 Copy Pods Resources */,
			);
			buildRules = (
			);
			dependencies = (
				B84F4E411CCCB1CF00A4CDC1 /* PBXTargetDependency */,
			);
			name = "How Much Am I SpendingUITests";
			productName = "How Much Am I SpendingUITests";
			productReference = B84F4E3F1CCCB1CF00A4CDC1 /* How Much Am I SpendingUITests.xctest */;
			productType = "com.apple.product-type.bundle.ui-testing";
		};
/* End PBXNativeTarget section */

/* Begin PBXProject section */
		B84F4E161CCCB1CF00A4CDC1 /* Project object */ = {
			isa = PBXProject;
			attributes = {
				LastSwiftUpdateCheck = 0730;
				LastUpgradeCheck = 0720;
				ORGANIZATIONNAME = "Shayne Torres";
				TargetAttributes = {
					B84F4E1D1CCCB1CF00A4CDC1 = {
						CreatedOnToolsVersion = 7.2.1;
						DevelopmentTeam = ZC55HLSXNP;
					};
					B84F4E331CCCB1CF00A4CDC1 = {
						CreatedOnToolsVersion = 7.2.1;
						DevelopmentTeam = 22K6B48Y8T;
						TestTargetID = B84F4E1D1CCCB1CF00A4CDC1;
					};
					B84F4E3E1CCCB1CF00A4CDC1 = {
						CreatedOnToolsVersion = 7.2.1;
						DevelopmentTeam = 22K6B48Y8T;
						TestTargetID = B84F4E1D1CCCB1CF00A4CDC1;
					};
				};
			};
			buildConfigurationList = B84F4E191CCCB1CF00A4CDC1 /* Build configuration list for PBXProject "How Much Am I Spending" */;
			compatibilityVersion = "Xcode 3.2";
			developmentRegion = English;
			hasScannedForEncodings = 0;
			knownRegions = (
				en,
				Base,
			);
			mainGroup = B84F4E151CCCB1CF00A4CDC1;
			productRefGroup = B84F4E1F1CCCB1CF00A4CDC1 /* Products */;
			projectDirPath = "";
			projectRoot = "";
			targets = (
				B84F4E1D1CCCB1CF00A4CDC1 /* How Much Am I Spending */,
				B84F4E331CCCB1CF00A4CDC1 /* How Much Am I SpendingTests */,
				B84F4E3E1CCCB1CF00A4CDC1 /* How Much Am I SpendingUITests */,
			);
		};
/* End PBXProject section */

/* Begin PBXResourcesBuildPhase section */
		B84F4E1C1CCCB1CF00A4CDC1 /* Resources */ = {
			isa = PBXResourcesBuildPhase;
			buildActionMask = 2147483647;
			files = (
				B84F4E2E1CCCB1CF00A4CDC1 /* LaunchScreen.storyboard in Resources */,
				B84F4E2B1CCCB1CF00A4CDC1 /* Assets.xcassets in Resources */,
				B827D6571D18FAA900E03E3D /* Geomanist-Regular.otf in Resources */,
				B82B61E81D7FFFAB0012DC1D /* Main.storyboard in Resources */,
			);
			runOnlyForDeploymentPostprocessing = 0;
		};
		B84F4E321CCCB1CF00A4CDC1 /* Resources */ = {
			isa = PBXResourcesBuildPhase;
			buildActionMask = 2147483647;
			files = (
			);
			runOnlyForDeploymentPostprocessing = 0;
		};
		B84F4E3D1CCCB1CF00A4CDC1 /* Resources */ = {
			isa = PBXResourcesBuildPhase;
			buildActionMask = 2147483647;
			files = (
			);
			runOnlyForDeploymentPostprocessing = 0;
		};
/* End PBXResourcesBuildPhase section */

/* Begin PBXShellScriptBuildPhase section */
		02E731D94235BC67983D0871 /* 📦 Check Pods Manifest.lock */ = {
			isa = PBXShellScriptBuildPhase;
			buildActionMask = 2147483647;
			files = (
			);
			inputPaths = (
			);
			name = "📦 Check Pods Manifest.lock";
			outputPaths = (
			);
			runOnlyForDeploymentPostprocessing = 0;
			shellPath = /bin/sh;
			shellScript = "diff \"${PODS_ROOT}/../Podfile.lock\" \"${PODS_ROOT}/Manifest.lock\" > /dev/null\nif [[ $? != 0 ]] ; then\n    cat << EOM\nerror: The sandbox is not in sync with the Podfile.lock. Run 'pod install' or update your CocoaPods installation.\nEOM\n    exit 1\nfi\n";
			showEnvVarsInLog = 0;
		};
		067C7776289B9E108682770E /* 📦 Check Pods Manifest.lock */ = {
			isa = PBXShellScriptBuildPhase;
			buildActionMask = 2147483647;
			files = (
			);
			inputPaths = (
			);
			name = "📦 Check Pods Manifest.lock";
			outputPaths = (
			);
			runOnlyForDeploymentPostprocessing = 0;
			shellPath = /bin/sh;
			shellScript = "diff \"${PODS_ROOT}/../Podfile.lock\" \"${PODS_ROOT}/Manifest.lock\" > /dev/null\nif [[ $? != 0 ]] ; then\n    cat << EOM\nerror: The sandbox is not in sync with the Podfile.lock. Run 'pod install' or update your CocoaPods installation.\nEOM\n    exit 1\nfi\n";
			showEnvVarsInLog = 0;
		};
		14FB35105339E6FFACBB309C /* 📦 Check Pods Manifest.lock */ = {
			isa = PBXShellScriptBuildPhase;
			buildActionMask = 2147483647;
			files = (
			);
			inputPaths = (
			);
			name = "📦 Check Pods Manifest.lock";
			outputPaths = (
			);
			runOnlyForDeploymentPostprocessing = 0;
			shellPath = /bin/sh;
			shellScript = "diff \"${PODS_ROOT}/../Podfile.lock\" \"${PODS_ROOT}/Manifest.lock\" > /dev/null\nif [[ $? != 0 ]] ; then\n    cat << EOM\nerror: The sandbox is not in sync with the Podfile.lock. Run 'pod install' or update your CocoaPods installation.\nEOM\n    exit 1\nfi\n";
			showEnvVarsInLog = 0;
		};
		1DC512ED18CA69EC40826A6F /* 📦 Embed Pods Frameworks */ = {
			isa = PBXShellScriptBuildPhase;
			buildActionMask = 2147483647;
			files = (
			);
			inputPaths = (
			);
			name = "📦 Embed Pods Frameworks";
			outputPaths = (
			);
			runOnlyForDeploymentPostprocessing = 0;
			shellPath = /bin/sh;
			shellScript = "\"${SRCROOT}/Pods/Target Support Files/Pods-How Much Am I SpendingTests/Pods-How Much Am I SpendingTests-frameworks.sh\"\n";
			showEnvVarsInLog = 0;
		};
		C961AC9D647E94C0EE48BCF8 /* 📦 Copy Pods Resources */ = {
			isa = PBXShellScriptBuildPhase;
			buildActionMask = 2147483647;
			files = (
			);
			inputPaths = (
			);
			name = "📦 Copy Pods Resources";
			outputPaths = (
			);
			runOnlyForDeploymentPostprocessing = 0;
			shellPath = /bin/sh;
			shellScript = "\"${SRCROOT}/Pods/Target Support Files/Pods-How Much Am I SpendingUITests/Pods-How Much Am I SpendingUITests-resources.sh\"\n";
			showEnvVarsInLog = 0;
		};
		E4EF6499F80553F06B618F32 /* 📦 Copy Pods Resources */ = {
			isa = PBXShellScriptBuildPhase;
			buildActionMask = 2147483647;
			files = (
			);
			inputPaths = (
			);
			name = "📦 Copy Pods Resources";
			outputPaths = (
			);
			runOnlyForDeploymentPostprocessing = 0;
			shellPath = /bin/sh;
			shellScript = "\"${SRCROOT}/Pods/Target Support Files/Pods-How Much Am I Spending/Pods-How Much Am I Spending-resources.sh\"\n";
			showEnvVarsInLog = 0;
		};
		F052B1670C40C8BC4549D68E /* 📦 Embed Pods Frameworks */ = {
			isa = PBXShellScriptBuildPhase;
			buildActionMask = 2147483647;
			files = (
			);
			inputPaths = (
			);
			name = "📦 Embed Pods Frameworks";
			outputPaths = (
			);
			runOnlyForDeploymentPostprocessing = 0;
			shellPath = /bin/sh;
			shellScript = "\"${SRCROOT}/Pods/Target Support Files/Pods-How Much Am I Spending/Pods-How Much Am I Spending-frameworks.sh\"\n";
			showEnvVarsInLog = 0;
		};
		F2AFFEDC48A76AF8EB95B5A4 /* 📦 Copy Pods Resources */ = {
			isa = PBXShellScriptBuildPhase;
			buildActionMask = 2147483647;
			files = (
			);
			inputPaths = (
			);
			name = "📦 Copy Pods Resources";
			outputPaths = (
			);
			runOnlyForDeploymentPostprocessing = 0;
			shellPath = /bin/sh;
			shellScript = "\"${SRCROOT}/Pods/Target Support Files/Pods-How Much Am I SpendingTests/Pods-How Much Am I SpendingTests-resources.sh\"\n";
			showEnvVarsInLog = 0;
		};
/* End PBXShellScriptBuildPhase section */

/* Begin PBXSourcesBuildPhase section */
		B84F4E1A1CCCB1CF00A4CDC1 /* Sources */ = {
			isa = PBXSourcesBuildPhase;
			buildActionMask = 2147483647;
			files = (
				B8E505021D4DA1D200D39060 /* CurrentSpendingsTabBarItem.swift in Sources */,
				B8A1D4661D87FF5F009CBA1A /* DodoDistrib.swift in Sources */,
				B8F659231D87F01700182C9F /* SaveItemButton.swift in Sources */,
				B8E505001D4DA0B900D39060 /* ShoppingListTabBarItem.swift in Sources */,
				B82B61EA1D8005C90012DC1D /* ManageSpendingsItemViewController.swift in Sources */,
				B885F8C71D814C9B00CAB186 /* RealmModel.swift in Sources */,
				B834D09F1D85230C00B41845 /* MaterialView.swift in Sources */,
				B82B61E21D7FF9F30012DC1D /* CurrentSpendingsViewController.swift in Sources */,
				B82B61DB1D7FF4CE0012DC1D /* CurrentSpendingsModel.swift in Sources */,
				B8F659251D87F03200182C9F /* CancelItemButton.swift in Sources */,
				B84F4E221CCCB1CF00A4CDC1 /* AppDelegate.swift in Sources */,
				B834D0AB1D85446400B41845 /* IncreaseQuantityButton.swift in Sources */,
				B834D0A91D85443F00B41845 /* ManageItemsStyleKit.swift in Sources */,
				B8E505041D4DDEAD00D39060 /* SettingsTabBarItem.swift in Sources */,
				B82B61D91D7FF2EF0012DC1D /* CurrentSpendingsItem.swift in Sources */,
				B8E504FB1D4D9A5A00D39060 /* HMAISKit.swift in Sources */,
				B834D0A11D85235E00B41845 /* Constants.swift in Sources */,
				B834D0AD1D8546F100B41845 /* DecreaseQuantityButton.swift in Sources */,
				B834D0A31D85262800B41845 /* PriceTextFieldModel.swift in Sources */,
			);
			runOnlyForDeploymentPostprocessing = 0;
		};
		B84F4E301CCCB1CF00A4CDC1 /* Sources */ = {
			isa = PBXSourcesBuildPhase;
			buildActionMask = 2147483647;
			files = (
				B84F4E391CCCB1CF00A4CDC1 /* How_Much_Am_I_SpendingTests.swift in Sources */,
			);
			runOnlyForDeploymentPostprocessing = 0;
		};
		B84F4E3B1CCCB1CF00A4CDC1 /* Sources */ = {
			isa = PBXSourcesBuildPhase;
			buildActionMask = 2147483647;
			files = (
				B84F4E441CCCB1CF00A4CDC1 /* How_Much_Am_I_SpendingUITests.swift in Sources */,
			);
			runOnlyForDeploymentPostprocessing = 0;
		};
/* End PBXSourcesBuildPhase section */

/* Begin PBXTargetDependency section */
		B84F4E361CCCB1CF00A4CDC1 /* PBXTargetDependency */ = {
			isa = PBXTargetDependency;
			target = B84F4E1D1CCCB1CF00A4CDC1 /* How Much Am I Spending */;
			targetProxy = B84F4E351CCCB1CF00A4CDC1 /* PBXContainerItemProxy */;
		};
		B84F4E411CCCB1CF00A4CDC1 /* PBXTargetDependency */ = {
			isa = PBXTargetDependency;
			target = B84F4E1D1CCCB1CF00A4CDC1 /* How Much Am I Spending */;
			targetProxy = B84F4E401CCCB1CF00A4CDC1 /* PBXContainerItemProxy */;
		};
/* End PBXTargetDependency section */

/* Begin PBXVariantGroup section */
		B84F4E2C1CCCB1CF00A4CDC1 /* LaunchScreen.storyboard */ = {
			isa = PBXVariantGroup;
			children = (
				B84F4E2D1CCCB1CF00A4CDC1 /* Base */,
			);
			name = LaunchScreen.storyboard;
			sourceTree = "<group>";
		};
/* End PBXVariantGroup section */

/* Begin XCBuildConfiguration section */
		B84F4E461CCCB1CF00A4CDC1 /* Debug */ = {
			isa = XCBuildConfiguration;
			buildSettings = {
				ALWAYS_SEARCH_USER_PATHS = NO;
				CLANG_CXX_LANGUAGE_STANDARD = "gnu++0x";
				CLANG_CXX_LIBRARY = "libc++";
				CLANG_ENABLE_MODULES = YES;
				CLANG_ENABLE_OBJC_ARC = YES;
				CLANG_WARN_BOOL_CONVERSION = YES;
				CLANG_WARN_CONSTANT_CONVERSION = YES;
				CLANG_WARN_DIRECT_OBJC_ISA_USAGE = YES_ERROR;
				CLANG_WARN_EMPTY_BODY = YES;
				CLANG_WARN_ENUM_CONVERSION = YES;
				CLANG_WARN_INT_CONVERSION = YES;
				CLANG_WARN_OBJC_ROOT_CLASS = YES_ERROR;
				CLANG_WARN_UNREACHABLE_CODE = YES;
				CLANG_WARN__DUPLICATE_METHOD_MATCH = YES;
				CODE_SIGN_IDENTITY = "iPhone Developer";
				"CODE_SIGN_IDENTITY[sdk=iphoneos*]" = "iPhone Developer";
				COPY_PHASE_STRIP = NO;
				DEBUG_INFORMATION_FORMAT = dwarf;
				ENABLE_STRICT_OBJC_MSGSEND = YES;
				ENABLE_TESTABILITY = YES;
				GCC_C_LANGUAGE_STANDARD = gnu99;
				GCC_DYNAMIC_NO_PIC = NO;
				GCC_NO_COMMON_BLOCKS = YES;
				GCC_OPTIMIZATION_LEVEL = 0;
				GCC_PREPROCESSOR_DEFINITIONS = (
					"DEBUG=1",
					"$(inherited)",
				);
				GCC_WARN_64_TO_32_BIT_CONVERSION = YES;
				GCC_WARN_ABOUT_RETURN_TYPE = YES_ERROR;
				GCC_WARN_UNDECLARED_SELECTOR = YES;
				GCC_WARN_UNINITIALIZED_AUTOS = YES_AGGRESSIVE;
				GCC_WARN_UNUSED_FUNCTION = YES;
				GCC_WARN_UNUSED_VARIABLE = YES;
				IPHONEOS_DEPLOYMENT_TARGET = 9.2;
				MTL_ENABLE_DEBUG_INFO = YES;
				ONLY_ACTIVE_ARCH = YES;
				PROVISIONING_PROFILE = "";
				SDKROOT = iphoneos;
				SWIFT_OPTIMIZATION_LEVEL = "-Onone";
				TARGETED_DEVICE_FAMILY = "1,2";
			};
			name = Debug;
		};
		B84F4E471CCCB1CF00A4CDC1 /* Release */ = {
			isa = XCBuildConfiguration;
			buildSettings = {
				ALWAYS_SEARCH_USER_PATHS = NO;
				CLANG_CXX_LANGUAGE_STANDARD = "gnu++0x";
				CLANG_CXX_LIBRARY = "libc++";
				CLANG_ENABLE_MODULES = YES;
				CLANG_ENABLE_OBJC_ARC = YES;
				CLANG_WARN_BOOL_CONVERSION = YES;
				CLANG_WARN_CONSTANT_CONVERSION = YES;
				CLANG_WARN_DIRECT_OBJC_ISA_USAGE = YES_ERROR;
				CLANG_WARN_EMPTY_BODY = YES;
				CLANG_WARN_ENUM_CONVERSION = YES;
				CLANG_WARN_INT_CONVERSION = YES;
				CLANG_WARN_OBJC_ROOT_CLASS = YES_ERROR;
				CLANG_WARN_UNREACHABLE_CODE = YES;
				CLANG_WARN__DUPLICATE_METHOD_MATCH = YES;
				CODE_SIGN_IDENTITY = "iPhone Developer";
				"CODE_SIGN_IDENTITY[sdk=*]" = "iPhone Developer";
				"CODE_SIGN_IDENTITY[sdk=iphoneos*]" = "iPhone Developer";
				COPY_PHASE_STRIP = NO;
				DEBUG_INFORMATION_FORMAT = "dwarf-with-dsym";
				ENABLE_NS_ASSERTIONS = NO;
				ENABLE_STRICT_OBJC_MSGSEND = YES;
				GCC_C_LANGUAGE_STANDARD = gnu99;
				GCC_NO_COMMON_BLOCKS = YES;
				GCC_WARN_64_TO_32_BIT_CONVERSION = YES;
				GCC_WARN_ABOUT_RETURN_TYPE = YES_ERROR;
				GCC_WARN_UNDECLARED_SELECTOR = YES;
				GCC_WARN_UNINITIALIZED_AUTOS = YES_AGGRESSIVE;
				GCC_WARN_UNUSED_FUNCTION = YES;
				GCC_WARN_UNUSED_VARIABLE = YES;
				IPHONEOS_DEPLOYMENT_TARGET = 9.2;
				MTL_ENABLE_DEBUG_INFO = NO;
				PROVISIONING_PROFILE = "";
				SDKROOT = iphoneos;
				TARGETED_DEVICE_FAMILY = "1,2";
				VALIDATE_PRODUCT = YES;
			};
			name = Release;
		};
		B84F4E491CCCB1CF00A4CDC1 /* Debug */ = {
			isa = XCBuildConfiguration;
			baseConfigurationReference = BB399DA25E95D985E42EA24D /* Pods-How Much Am I Spending.debug.xcconfig */;
			buildSettings = {
				ASSETCATALOG_COMPILER_APPICON_NAME = AppIcon;
				CLANG_ENABLE_MODULES = YES;
				CODE_SIGN_IDENTITY = "iPhone Developer";
				"CODE_SIGN_IDENTITY[sdk=iphoneos*]" = "iPhone Developer";
				INFOPLIST_FILE = "How Much Am I Spending/Info.plist";
				LD_RUNPATH_SEARCH_PATHS = "$(inherited) @executable_path/Frameworks";
				PRODUCT_BUNDLE_IDENTIFIER = "com.Shayne-Torres.How-Much-Am-I-Spending";
				PRODUCT_NAME = "$(TARGET_NAME)";
				PROVISIONING_PROFILE = "";
				SWIFT_OBJC_BRIDGING_HEADER = "How Much Am I Spending/How Much Am I Spending-Bridging-Header.h";
				SWIFT_OPTIMIZATION_LEVEL = "-Onone";
			};
			name = Debug;
		};
		B84F4E4A1CCCB1CF00A4CDC1 /* Release */ = {
			isa = XCBuildConfiguration;
			baseConfigurationReference = 73B179A6DAC16E51E3EB19F5 /* Pods-How Much Am I Spending.release.xcconfig */;
			buildSettings = {
				ASSETCATALOG_COMPILER_APPICON_NAME = AppIcon;
				CLANG_ENABLE_MODULES = YES;
				CODE_SIGN_IDENTITY = "iPhone Developer";
				"CODE_SIGN_IDENTITY[sdk=iphoneos*]" = "iPhone Developer";
				INFOPLIST_FILE = "How Much Am I Spending/Info.plist";
				LD_RUNPATH_SEARCH_PATHS = "$(inherited) @executable_path/Frameworks";
				PRODUCT_BUNDLE_IDENTIFIER = "com.Shayne-Torres.How-Much-Am-I-Spending";
				PRODUCT_NAME = "$(TARGET_NAME)";
				PROVISIONING_PROFILE = "";
				SWIFT_OBJC_BRIDGING_HEADER = "How Much Am I Spending/How Much Am I Spending-Bridging-Header.h";
			};
			name = Release;
		};
		B84F4E4C1CCCB1CF00A4CDC1 /* Debug */ = {
			isa = XCBuildConfiguration;
			baseConfigurationReference = 3D3FAC9383D8B7417493739E /* Pods-How Much Am I SpendingTests.debug.xcconfig */;
			buildSettings = {
				BUNDLE_LOADER = "$(TEST_HOST)";
				INFOPLIST_FILE = "How Much Am I SpendingTests/Info.plist";
				LD_RUNPATH_SEARCH_PATHS = "$(inherited) @executable_path/Frameworks @loader_path/Frameworks";
				PRODUCT_BUNDLE_IDENTIFIER = "Shayne-Torres.How-Much-Am-I-SpendingTests";
				PRODUCT_NAME = "$(TARGET_NAME)";
				TEST_HOST = "$(BUILT_PRODUCTS_DIR)/How Much Am I Spending.app/How Much Am I Spending";
			};
			name = Debug;
		};
		B84F4E4D1CCCB1CF00A4CDC1 /* Release */ = {
			isa = XCBuildConfiguration;
			baseConfigurationReference = EFCA2452308E55B6B4EB33F5 /* Pods-How Much Am I SpendingTests.release.xcconfig */;
			buildSettings = {
				BUNDLE_LOADER = "$(TEST_HOST)";
				INFOPLIST_FILE = "How Much Am I SpendingTests/Info.plist";
				LD_RUNPATH_SEARCH_PATHS = "$(inherited) @executable_path/Frameworks @loader_path/Frameworks";
				PRODUCT_BUNDLE_IDENTIFIER = "Shayne-Torres.How-Much-Am-I-SpendingTests";
				PRODUCT_NAME = "$(TARGET_NAME)";
				TEST_HOST = "$(BUILT_PRODUCTS_DIR)/How Much Am I Spending.app/How Much Am I Spending";
			};
			name = Release;
		};
		B84F4E4F1CCCB1CF00A4CDC1 /* Debug */ = {
			isa = XCBuildConfiguration;
			baseConfigurationReference = 0F73B23DC7133D5463B2A2C5 /* Pods-How Much Am I SpendingUITests.debug.xcconfig */;
			buildSettings = {
				INFOPLIST_FILE = "How Much Am I SpendingUITests/Info.plist";
				LD_RUNPATH_SEARCH_PATHS = "$(inherited) @executable_path/Frameworks @loader_path/Frameworks";
				PRODUCT_BUNDLE_IDENTIFIER = "Shayne-Torres.How-Much-Am-I-SpendingUITests";
				PRODUCT_NAME = "$(TARGET_NAME)";
				TEST_TARGET_NAME = "How Much Am I Spending";
				USES_XCTRUNNER = YES;
			};
			name = Debug;
		};
		B84F4E501CCCB1CF00A4CDC1 /* Release */ = {
			isa = XCBuildConfiguration;
			baseConfigurationReference = B951D5FBDD34EF8D18D49F12 /* Pods-How Much Am I SpendingUITests.release.xcconfig */;
			buildSettings = {
				INFOPLIST_FILE = "How Much Am I SpendingUITests/Info.plist";
				LD_RUNPATH_SEARCH_PATHS = "$(inherited) @executable_path/Frameworks @loader_path/Frameworks";
				PRODUCT_BUNDLE_IDENTIFIER = "Shayne-Torres.How-Much-Am-I-SpendingUITests";
				PRODUCT_NAME = "$(TARGET_NAME)";
				TEST_TARGET_NAME = "How Much Am I Spending";
				USES_XCTRUNNER = YES;
			};
			name = Release;
		};
/* End XCBuildConfiguration section */

/* Begin XCConfigurationList section */
		B84F4E191CCCB1CF00A4CDC1 /* Build configuration list for PBXProject "How Much Am I Spending" */ = {
			isa = XCConfigurationList;
			buildConfigurations = (
				B84F4E461CCCB1CF00A4CDC1 /* Debug */,
				B84F4E471CCCB1CF00A4CDC1 /* Release */,
			);
			defaultConfigurationIsVisible = 0;
			defaultConfigurationName = Release;
		};
		B84F4E481CCCB1CF00A4CDC1 /* Build configuration list for PBXNativeTarget "How Much Am I Spending" */ = {
			isa = XCConfigurationList;
			buildConfigurations = (
				B84F4E491CCCB1CF00A4CDC1 /* Debug */,
				B84F4E4A1CCCB1CF00A4CDC1 /* Release */,
			);
			defaultConfigurationIsVisible = 0;
			defaultConfigurationName = Release;
		};
		B84F4E4B1CCCB1CF00A4CDC1 /* Build configuration list for PBXNativeTarget "How Much Am I SpendingTests" */ = {
			isa = XCConfigurationList;
			buildConfigurations = (
				B84F4E4C1CCCB1CF00A4CDC1 /* Debug */,
				B84F4E4D1CCCB1CF00A4CDC1 /* Release */,
			);
			defaultConfigurationIsVisible = 0;
			defaultConfigurationName = Release;
		};
		B84F4E4E1CCCB1CF00A4CDC1 /* Build configuration list for PBXNativeTarget "How Much Am I SpendingUITests" */ = {
			isa = XCConfigurationList;
			buildConfigurations = (
				B84F4E4F1CCCB1CF00A4CDC1 /* Debug */,
				B84F4E501CCCB1CF00A4CDC1 /* Release */,
			);
			defaultConfigurationIsVisible = 0;
			defaultConfigurationName = Release;
		};
/* End XCConfigurationList section */
	};
	rootObject = B84F4E161CCCB1CF00A4CDC1 /* Project object */;
}
